// !$*UTF8*$!
{
	archiveVersion = 1;
	classes = {
	};
	objectVersion = 56;
	objects = {

/* Begin PBXBuildFile section */
		0EDFAD2D2DCEE8F2004E9526 /* NetworkClient.swift in Sources */ = {isa = PBXBuildFile; fileRef = 0EDFAD2B2DCEE8F2004E9526 /* NetworkClient.swift */; };
		0EDFAD2E2DCEE8F2004E9526 /* SwiftCombineSupport.swift in Sources */ = {isa = PBXBuildFile; fileRef = 0EDFAD2C2DCEE8F2004E9526 /* SwiftCombineSupport.swift */; };
		0EDFAD3C2DD1F90D004E9526 /* Types.swift in Sources */ = {isa = PBXBuildFile; fileRef = 0EDFAD392DD1F90D004E9526 /* Types.swift */; };
		0EDFAD3D2DD1F90D004E9526 /* NYSSEManager.swift in Sources */ = {isa = PBXBuildFile; fileRef = 0EDFAD382DD1F90D004E9526 /* NYSSEManager.swift */; };
		0EDFAD3E2DD1F90D004E9526 /* UTF8LineParser.swift in Sources */ = {isa = PBXBuildFile; fileRef = 0EDFAD3A2DD1F90D004E9526 /* UTF8LineParser.swift */; };
		0EDFAD3F2DD1F90D004E9526 /* EventParser.swift in Sources */ = {isa = PBXBuildFile; fileRef = 0EDFAD352DD1F90D004E9526 /* EventParser.swift */; };
		0EDFAD402DD1F90D004E9526 /* LDSwiftEventSource.swift in Sources */ = {isa = PBXBuildFile; fileRef = 0EDFAD362DD1F90D004E9526 /* LDSwiftEventSource.swift */; };
		0EDFAD412DD1F90D004E9526 /* Logs.swift in Sources */ = {isa = PBXBuildFile; fileRef = 0EDFAD372DD1F90D004E9526 /* Logs.swift */; };
		0EF3B2B12DD49FA100914E5E /* AESCryptor.swift in Sources */ = {isa = PBXBuildFile; fileRef = 0EF3B2B02DD49FA100914E5E /* AESCryptor.swift */; };
		0EF3B2B52DD4D05300914E5E /* EvaThreadSafeModels.swift in Sources */ = {isa = PBXBuildFile; fileRef = 0EF3B2B42DD4D04100914E5E /* EvaThreadSafeModels.swift */; };
		0EF3B2B72DD4D0C800914E5E /* EvaUDManager.swift in Sources */ = {isa = PBXBuildFile; fileRef = 0EF3B2B62DD4D0C800914E5E /* EvaUDManager.swift */; };
		59DC4FF82B8F75228E12F5C4 /* libPods-Eva.a in Frameworks */ = {isa = PBXBuildFile; fileRef = 465389745AECEFD96AFE6EA0 /* libPods-Eva.a */; };
		8C86E0902DDE36A600B55687 /* WeStudyWebViewController.swift in Sources */ = {isa = PBXBuildFile; fileRef = 8C86E08F2DDE36A600B55687 /* WeStudyWebViewController.swift */; };
		8C944D142DC9D016000B4168 /* ScaleCollectionCell.swift in Sources */ = {isa = PBXBuildFile; fileRef = 8C944D132DC9D016000B4168 /* ScaleCollectionCell.swift */; };
		8C944D162DC9D646000B4168 /* EvaSettingViewController.swift in Sources */ = {isa = PBXBuildFile; fileRef = 8C944D152DC9D646000B4168 /* EvaSettingViewController.swift */; };
		8C944D182DC9D6DC000B4168 /* RoundCornerCollectionLayout.swift in Sources */ = {isa = PBXBuildFile; fileRef = 8C944D172DC9D6DC000B4168 /* RoundCornerCollectionLayout.swift */; };
		8C944D1A2DC9D780000B4168 /* EvaUserProfileListItemViewModel.swift in Sources */ = {isa = PBXBuildFile; fileRef = 8C944D192DC9D780000B4168 /* EvaUserProfileListItemViewModel.swift */; };
		8C944D1C2DC9D8A5000B4168 /* EvaSettingsCommonCell.swift in Sources */ = {isa = PBXBuildFile; fileRef = 8C944D1B2DC9D8A5000B4168 /* EvaSettingsCommonCell.swift */; };
		8C944D1E2DCA7A28000B4168 /* EvaRequest.swift in Sources */ = {isa = PBXBuildFile; fileRef = 8C944D1D2DCA7A28000B4168 /* EvaRequest.swift */; };
		8C94E4C52DBB540C0005D4B5 /* AppDelegate.swift in Sources */ = {isa = PBXBuildFile; fileRef = 8C94E4C42DBB540C0005D4B5 /* AppDelegate.swift */; };
		8C94E4C72DBB54310005D4B5 /* EvaBaseViewController.swift in Sources */ = {isa = PBXBuildFile; fileRef = 8C94E4C62DBB54310005D4B5 /* EvaBaseViewController.swift */; };
		8C94E4C92DBB59040005D4B5 /* EvaExtension.swift in Sources */ = {isa = PBXBuildFile; fileRef = 8C94E4C82DBB59040005D4B5 /* EvaExtension.swift */; };
		8C94E4CB2DBB59810005D4B5 /* EvaBaseNavigationController.swift in Sources */ = {isa = PBXBuildFile; fileRef = 8C94E4CA2DBB59810005D4B5 /* EvaBaseNavigationController.swift */; };
		8C94E4CD2DBB59CB0005D4B5 /* EvaBaseTabbarController.swift in Sources */ = {isa = PBXBuildFile; fileRef = 8C94E4CC2DBB59CB0005D4B5 /* EvaBaseTabbarController.swift */; };
		8C94E4CF2DBB5A310005D4B5 /* EvaConstant.swift in Sources */ = {isa = PBXBuildFile; fileRef = 8C94E4CE2DBB5A310005D4B5 /* EvaConstant.swift */; };
		8C94E4D12DBD38870005D4B5 /* EvaRouter.swift in Sources */ = {isa = PBXBuildFile; fileRef = 8C94E4D02DBD38870005D4B5 /* EvaRouter.swift */; };
		8C94E4D52DBD46AA0005D4B5 /* AIChatViewController.swift in Sources */ = {isa = PBXBuildFile; fileRef = 8C94E4D42DBD46AA0005D4B5 /* AIChatViewController.swift */; };
		8CAA9E982DB164D900C48B27 /* Assets.xcassets in Resources */ = {isa = PBXBuildFile; fileRef = 8CAA9E972DB164D900C48B27 /* Assets.xcassets */; };
		8CAA9E9B2DB164D900C48B27 /* LaunchScreen.storyboard in Resources */ = {isa = PBXBuildFile; fileRef = 8CAA9E992DB164D900C48B27 /* LaunchScreen.storyboard */; };
		8CF6A6892DD3997B0048FB04 /* EvaSubtitleTextView.swift in Sources */ = {isa = PBXBuildFile; fileRef = 8CF6A6882DD3997B0048FB04 /* EvaSubtitleTextView.swift */; };
/* End PBXBuildFile section */

/* Begin PBXFileReference section */
		0EDFAD2B2DCEE8F2004E9526 /* NetworkClient.swift */ = {isa = PBXFileReference; lastKnownFileType = sourcecode.swift; path = NetworkClient.swift; sourceTree = "<group>"; };
		0EDFAD2C2DCEE8F2004E9526 /* SwiftCombineSupport.swift */ = {isa = PBXFileReference; lastKnownFileType = sourcecode.swift; path = SwiftCombineSupport.swift; sourceTree = "<group>"; };
		0EDFAD352DD1F90D004E9526 /* EventParser.swift */ = {isa = PBXFileReference; lastKnownFileType = sourcecode.swift; path = EventParser.swift; sourceTree = "<group>"; };
		0EDFAD362DD1F90D004E9526 /* LDSwiftEventSource.swift */ = {isa = PBXFileReference; lastKnownFileType = sourcecode.swift; path = LDSwiftEventSource.swift; sourceTree = "<group>"; };
		0EDFAD372DD1F90D004E9526 /* Logs.swift */ = {isa = PBXFileReference; lastKnownFileType = sourcecode.swift; path = Logs.swift; sourceTree = "<group>"; };
		0EDFAD382DD1F90D004E9526 /* NYSSEManager.swift */ = {isa = PBXFileReference; lastKnownFileType = sourcecode.swift; path = NYSSEManager.swift; sourceTree = "<group>"; };
		0EDFAD392DD1F90D004E9526 /* Types.swift */ = {isa = PBXFileReference; lastKnownFileType = sourcecode.swift; path = Types.swift; sourceTree = "<group>"; };
		0EDFAD3A2DD1F90D004E9526 /* UTF8LineParser.swift */ = {isa = PBXFileReference; lastKnownFileType = sourcecode.swift; path = UTF8LineParser.swift; sourceTree = "<group>"; };
		0EF3B2B02DD49FA100914E5E /* AESCryptor.swift */ = {isa = PBXFileReference; lastKnownFileType = sourcecode.swift; path = AESCryptor.swift; sourceTree = "<group>"; };
		0EF3B2B42DD4D04100914E5E /* EvaThreadSafeModels.swift */ = {isa = PBXFileReference; lastKnownFileType = sourcecode.swift; path = EvaThreadSafeModels.swift; sourceTree = "<group>"; };
		0EF3B2B62DD4D0C800914E5E /* EvaUDManager.swift */ = {isa = PBXFileReference; lastKnownFileType = sourcecode.swift; path = EvaUDManager.swift; sourceTree = "<group>"; };
		465389745AECEFD96AFE6EA0 /* libPods-Eva.a */ = {isa = PBXFileReference; explicitFileType = archive.ar; includeInIndex = 0; path = "libPods-Eva.a"; sourceTree = BUILT_PRODUCTS_DIR; };
		7A10D700A5C0AF96271F8C2E /* Pods-Eva.debug.xcconfig */ = {isa = PBXFileReference; includeInIndex = 1; lastKnownFileType = text.xcconfig; name = "Pods-Eva.debug.xcconfig"; path = "Target Support Files/Pods-Eva/Pods-Eva.debug.xcconfig"; sourceTree = "<group>"; };
		8C86E08F2DDE36A600B55687 /* WeStudyWebViewController.swift */ = {isa = PBXFileReference; fileEncoding = 4; lastKnownFileType = sourcecode.swift; path = WeStudyWebViewController.swift; sourceTree = "<group>"; };
		8C944D132DC9D016000B4168 /* ScaleCollectionCell.swift */ = {isa = PBXFileReference; lastKnownFileType = sourcecode.swift; path = ScaleCollectionCell.swift; sourceTree = "<group>"; };
		8C944D152DC9D646000B4168 /* EvaSettingViewController.swift */ = {isa = PBXFileReference; lastKnownFileType = sourcecode.swift; path = EvaSettingViewController.swift; sourceTree = "<group>"; };
		8C944D172DC9D6DC000B4168 /* RoundCornerCollectionLayout.swift */ = {isa = PBXFileReference; lastKnownFileType = sourcecode.swift; path = RoundCornerCollectionLayout.swift; sourceTree = "<group>"; };
		8C944D192DC9D780000B4168 /* EvaUserProfileListItemViewModel.swift */ = {isa = PBXFileReference; lastKnownFileType = sourcecode.swift; path = EvaUserProfileListItemViewModel.swift; sourceTree = "<group>"; };
		8C944D1B2DC9D8A5000B4168 /* EvaSettingsCommonCell.swift */ = {isa = PBXFileReference; lastKnownFileType = sourcecode.swift; path = EvaSettingsCommonCell.swift; sourceTree = "<group>"; };
		8C944D1D2DCA7A28000B4168 /* EvaRequest.swift */ = {isa = PBXFileReference; lastKnownFileType = sourcecode.swift; path = EvaRequest.swift; sourceTree = "<group>"; };
		8C94E4C42DBB540C0005D4B5 /* AppDelegate.swift */ = {isa = PBXFileReference; fileEncoding = 4; lastKnownFileType = sourcecode.swift; path = AppDelegate.swift; sourceTree = "<group>"; };
		8C94E4C62DBB54310005D4B5 /* EvaBaseViewController.swift */ = {isa = PBXFileReference; lastKnownFileType = sourcecode.swift; path = EvaBaseViewController.swift; sourceTree = "<group>"; };
		8C94E4C82DBB59040005D4B5 /* EvaExtension.swift */ = {isa = PBXFileReference; lastKnownFileType = sourcecode.swift; path = EvaExtension.swift; sourceTree = "<group>"; };
		8C94E4CA2DBB59810005D4B5 /* EvaBaseNavigationController.swift */ = {isa = PBXFileReference; lastKnownFileType = sourcecode.swift; path = EvaBaseNavigationController.swift; sourceTree = "<group>"; };
		8C94E4CC2DBB59CB0005D4B5 /* EvaBaseTabbarController.swift */ = {isa = PBXFileReference; lastKnownFileType = sourcecode.swift; path = EvaBaseTabbarController.swift; sourceTree = "<group>"; };
		8C94E4CE2DBB5A310005D4B5 /* EvaConstant.swift */ = {isa = PBXFileReference; lastKnownFileType = sourcecode.swift; path = EvaConstant.swift; sourceTree = "<group>"; };
		8C94E4D02DBD38870005D4B5 /* EvaRouter.swift */ = {isa = PBXFileReference; lastKnownFileType = sourcecode.swift; path = EvaRouter.swift; sourceTree = "<group>"; };
		8C94E4D42DBD46AA0005D4B5 /* AIChatViewController.swift */ = {isa = PBXFileReference; lastKnownFileType = sourcecode.swift; path = AIChatViewController.swift; sourceTree = "<group>"; };
		8CAA9E8B2DB164D600C48B27 /* Eva.app */ = {isa = PBXFileReference; explicitFileType = wrapper.application; includeInIndex = 0; path = Eva.app; sourceTree = BUILT_PRODUCTS_DIR; };
		8CAA9E972DB164D900C48B27 /* Assets.xcassets */ = {isa = PBXFileReference; lastKnownFileType = folder.assetcatalog; path = Assets.xcassets; sourceTree = "<group>"; };
		8CAA9E9A2DB164D900C48B27 /* Base */ = {isa = PBXFileReference; lastKnownFileType = file.storyboard; name = Base; path = Base.lproj/LaunchScreen.storyboard; sourceTree = "<group>"; };
		8CAA9E9C2DB164D900C48B27 /* Info.plist */ = {isa = PBXFileReference; lastKnownFileType = text.plist.xml; path = Info.plist; sourceTree = "<group>"; };
		8CF6A6882DD3997B0048FB04 /* EvaSubtitleTextView.swift */ = {isa = PBXFileReference; lastKnownFileType = sourcecode.swift; path = EvaSubtitleTextView.swift; sourceTree = "<group>"; };
		FEE112789E5FAB886D8B14A2 /* Pods-Eva.release.xcconfig */ = {isa = PBXFileReference; includeInIndex = 1; lastKnownFileType = text.xcconfig; name = "Pods-Eva.release.xcconfig"; path = "Target Support Files/Pods-Eva/Pods-Eva.release.xcconfig"; sourceTree = "<group>"; };
/* End PBXFileReference section */

/* Begin PBXFrameworksBuildPhase section */
		8CAA9E882DB164D600C48B27 /* Frameworks */ = {
			isa = PBXFrameworksBuildPhase;
			buildActionMask = 2147483647;
			files = (
				59DC4FF82B8F75228E12F5C4 /* libPods-Eva.a in Frameworks */,
			);
			runOnlyForDeploymentPostprocessing = 0;
		};
/* End PBXFrameworksBuildPhase section */

/* Begin PBXGroup section */
		0EDFAD3B2DD1F90D004E9526 /* LDSwiftEventSource */ = {
			isa = PBXGroup;
			children = (
				0EDFAD352DD1F90D004E9526 /* EventParser.swift */,
				0EDFAD362DD1F90D004E9526 /* LDSwiftEventSource.swift */,
				0EDFAD372DD1F90D004E9526 /* Logs.swift */,
				0EDFAD382DD1F90D004E9526 /* NYSSEManager.swift */,
				0EDFAD392DD1F90D004E9526 /* Types.swift */,
				0EDFAD3A2DD1F90D004E9526 /* UTF8LineParser.swift */,
			);
			path = LDSwiftEventSource;
			sourceTree = "<group>";
		};
		475D1370AC6AB86FE35707BD /* Pods */ = {
			isa = PBXGroup;
			children = (
				7A10D700A5C0AF96271F8C2E /* Pods-Eva.debug.xcconfig */,
				FEE112789E5FAB886D8B14A2 /* Pods-Eva.release.xcconfig */,
			);
			path = Pods;
			sourceTree = "<group>";
		};
		8C94E4C22DBB53DC0005D4B5 /* Modules */ = {
			isa = PBXGroup;
			children = (
				8C94E4D42DBD46AA0005D4B5 /* AIChatViewController.swift */,
				8CF6A6882DD3997B0048FB04 /* EvaSubtitleTextView.swift */,
				0EF3B2B42DD4D04100914E5E /* EvaThreadSafeModels.swift */,
				8C944D152DC9D646000B4168 /* EvaSettingViewController.swift */,
				8C944D192DC9D780000B4168 /* EvaUserProfileListItemViewModel.swift */,
			);
			path = Modules;
			sourceTree = "<group>";
		};
		8C94E4C32DBB53F10005D4B5 /* Common */ = {
			isa = PBXGroup;
			children = (
				8C94E4C42DBB540C0005D4B5 /* AppDelegate.swift */,
				8C94E4C82DBB59040005D4B5 /* EvaExtension.swift */,
				8C94E4C62DBB54310005D4B5 /* EvaBaseViewController.swift */,
				8C94E4CA2DBB59810005D4B5 /* EvaBaseNavigationController.swift */,
				8C94E4CC2DBB59CB0005D4B5 /* EvaBaseTabbarController.swift */,
				8C94E4CE2DBB5A310005D4B5 /* EvaConstant.swift */,
				8C94E4D02DBD38870005D4B5 /* EvaRouter.swift */,
				8C944D132DC9D016000B4168 /* ScaleCollectionCell.swift */,
				8C944D172DC9D6DC000B4168 /* RoundCornerCollectionLayout.swift */,
				8C944D1B2DC9D8A5000B4168 /* EvaSettingsCommonCell.swift */,
				8C944D1D2DCA7A28000B4168 /* EvaRequest.swift */,
				0EDFAD2B2DCEE8F2004E9526 /* NetworkClient.swift */,
				0EDFAD2C2DCEE8F2004E9526 /* SwiftCombineSupport.swift */,
				0EF3B2B02DD49FA100914E5E /* AESCryptor.swift */,
				0EF3B2B62DD4D0C800914E5E /* EvaUDManager.swift */,
				8C86E08F2DDE36A600B55687 /* WeStudyWebViewController.swift */,
			);
			path = Common;
			sourceTree = "<group>";
		};
		8CAA9E822DB164D600C48B27 = {
			isa = PBXGroup;
			children = (
				8CAA9E8D2DB164D600C48B27 /* Eva */,
				8CAA9E8C2DB164D600C48B27 /* Products */,
				475D1370AC6AB86FE35707BD /* Pods */,
				FA38594E9667C4F6661B8DEF /* Frameworks */,
			);
			sourceTree = "<group>";
		};
		8CAA9E8C2DB164D600C48B27 /* Products */ = {
			isa = PBXGroup;
			children = (
				8CAA9E8B2DB164D600C48B27 /* Eva.app */,
			);
			name = Products;
			sourceTree = "<group>";
		};
		8CAA9E8D2DB164D600C48B27 /* Eva */ = {
			isa = PBXGroup;
			children = (
				0EDFAD3B2DD1F90D004E9526 /* LDSwiftEventSource */,
				8C94E4C32DBB53F10005D4B5 /* Common */,
				8C94E4C22DBB53DC0005D4B5 /* Modules */,
				8CAA9E972DB164D900C48B27 /* Assets.xcassets */,
				8CAA9E992DB164D900C48B27 /* LaunchScreen.storyboard */,
				8CAA9E9C2DB164D900C48B27 /* Info.plist */,
			);
			path = Eva;
			sourceTree = "<group>";
		};
		FA38594E9667C4F6661B8DEF /* Frameworks */ = {
			isa = PBXGroup;
			children = (
				465389745AECEFD96AFE6EA0 /* libPods-Eva.a */,
			);
			name = Frameworks;
			sourceTree = "<group>";
		};
/* End PBXGroup section */

/* Begin PBXNativeTarget section */
		8CAA9E8A2DB164D600C48B27 /* Eva */ = {
			isa = PBXNativeTarget;
			buildConfigurationList = 8CAA9E9F2DB164D900C48B27 /* Build configuration list for PBXNativeTarget "Eva" */;
			buildPhases = (
				FE4D97F4976EE03C31F0B00B /* [CP] Check Pods Manifest.lock */,
				8CAA9E872DB164D600C48B27 /* Sources */,
				8CAA9E882DB164D600C48B27 /* Frameworks */,
				8CAA9E892DB164D600C48B27 /* Resources */,
				FD380A71C5621831D64AC5D4 /* [CP] Copy Pods Resources */,
			);
			buildRules = (
			);
			dependencies = (
			);
			name = Eva;
			productName = Eva;
			productReference = 8CAA9E8B2DB164D600C48B27 /* Eva.app */;
			productType = "com.apple.product-type.application";
		};
/* End PBXNativeTarget section */

/* Begin PBXProject section */
		8CAA9E832DB164D600C48B27 /* Project object */ = {
			isa = PBXProject;
			attributes = {
				BuildIndependentTargetsInParallel = 1;
				LastSwiftUpdateCheck = 1520;
				LastUpgradeCheck = 1520;
				TargetAttributes = {
					8CAA9E8A2DB164D600C48B27 = {
						CreatedOnToolsVersion = 15.2;
					};
				};
			};
			buildConfigurationList = 8CAA9E862DB164D600C48B27 /* Build configuration list for PBXProject "Eva" */;
			compatibilityVersion = "Xcode 14.0";
			developmentRegion = en;
			hasScannedForEncodings = 0;
			knownRegions = (
				en,
				Base,
			);
			mainGroup = 8CAA9E822DB164D600C48B27;
			productRefGroup = 8CAA9E8C2DB164D600C48B27 /* Products */;
			projectDirPath = "";
			projectRoot = "";
			targets = (
				8CAA9E8A2DB164D600C48B27 /* Eva */,
			);
		};
/* End PBXProject section */

/* Begin PBXResourcesBuildPhase section */
		8CAA9E892DB164D600C48B27 /* Resources */ = {
			isa = PBXResourcesBuildPhase;
			buildActionMask = 2147483647;
			files = (
				8CAA9E9B2DB164D900C48B27 /* LaunchScreen.storyboard in Resources */,
				8CAA9E982DB164D900C48B27 /* Assets.xcassets in Resources */,
			);
			runOnlyForDeploymentPostprocessing = 0;
		};
/* End PBXResourcesBuildPhase section */

/* Begin PBXShellScriptBuildPhase section */
		FD380A71C5621831D64AC5D4 /* [CP] Copy Pods Resources */ = {
			isa = PBXShellScriptBuildPhase;
			buildActionMask = 2147483647;
			files = (
			);
			inputFileListPaths = (
				"${PODS_ROOT}/Target Support Files/Pods-Eva/Pods-Eva-resources-${CONFIGURATION}-input-files.xcfilelist",
			);
			name = "[CP] Copy Pods Resources";
			outputFileListPaths = (
				"${PODS_ROOT}/Target Support Files/Pods-Eva/Pods-Eva-resources-${CONFIGURATION}-output-files.xcfilelist",
			);
			runOnlyForDeploymentPostprocessing = 0;
			shellPath = /bin/sh;
			shellScript = "\"${PODS_ROOT}/Target Support Files/Pods-Eva/Pods-Eva-resources.sh\"\n";
			showEnvVarsInLog = 0;
		};
		FE4D97F4976EE03C31F0B00B /* [CP] Check Pods Manifest.lock */ = {
			isa = PBXShellScriptBuildPhase;
			buildActionMask = 2147483647;
			files = (
			);
			inputFileListPaths = (
			);
			inputPaths = (
				"${PODS_PODFILE_DIR_PATH}/Podfile.lock",
				"${PODS_ROOT}/Manifest.lock",
			);
			name = "[CP] Check Pods Manifest.lock";
			outputFileListPaths = (
			);
			outputPaths = (
				"$(DERIVED_FILE_DIR)/Pods-Eva-checkManifestLockResult.txt",
			);
			runOnlyForDeploymentPostprocessing = 0;
			shellPath = /bin/sh;
			shellScript = "diff \"${PODS_PODFILE_DIR_PATH}/Podfile.lock\" \"${PODS_ROOT}/Manifest.lock\" > /dev/null\nif [ $? != 0 ] ; then\n    # print error to STDERR\n    echo \"error: The sandbox is not in sync with the Podfile.lock. Run 'pod install' or update your CocoaPods installation.\" >&2\n    exit 1\nfi\n# This output is used by Xcode 'outputs' to avoid re-running this script phase.\necho \"SUCCESS\" > \"${SCRIPT_OUTPUT_FILE_0}\"\n";
			showEnvVarsInLog = 0;
		};
/* End PBXShellScriptBuildPhase section */

/* Begin PBXSourcesBuildPhase section */
		8CAA9E872DB164D600C48B27 /* Sources */ = {
			isa = PBXSourcesBuildPhase;
			buildActionMask = 2147483647;
			files = (
				0EDFAD3C2DD1F90D004E9526 /* Types.swift in Sources */,
				0EDFAD3D2DD1F90D004E9526 /* NYSSEManager.swift in Sources */,
				8CF6A6892DD3997B0048FB04 /* EvaSubtitleTextView.swift in Sources */,
				0EDFAD3E2DD1F90D004E9526 /* UTF8LineParser.swift in Sources */,
				0EF3B2B52DD4D05300914E5E /* EvaThreadSafeModels.swift in Sources */,
				0EDFAD3F2DD1F90D004E9526 /* EventParser.swift in Sources */,
				0EDFAD402DD1F90D004E9526 /* LDSwiftEventSource.swift in Sources */,
				0EDFAD412DD1F90D004E9526 /* Logs.swift in Sources */,
				8C944D1E2DCA7A28000B4168 /* EvaRequest.swift in Sources */,
				0EF3B2B12DD49FA100914E5E /* AESCryptor.swift in Sources */,
				8C94E4C72DBB54310005D4B5 /* EvaBaseViewController.swift in Sources */,
				8C944D142DC9D016000B4168 /* ScaleCollectionCell.swift in Sources */,
				8C944D162DC9D646000B4168 /* EvaSettingViewController.swift in Sources */,
				8C94E4CD2DBB59CB0005D4B5 /* EvaBaseTabbarController.swift in Sources */,
				8C94E4CB2DBB59810005D4B5 /* EvaBaseNavigationController.swift in Sources */,
				8C94E4CF2DBB5A310005D4B5 /* EvaConstant.swift in Sources */,
				8C94E4C52DBB540C0005D4B5 /* AppDelegate.swift in Sources */,
				8C94E4D52DBD46AA0005D4B5 /* AIChatViewController.swift in Sources */,
				8C944D1C2DC9D8A5000B4168 /* EvaSettingsCommonCell.swift in Sources */,
				8C944D182DC9D6DC000B4168 /* RoundCornerCollectionLayout.swift in Sources */,
				8C944D1A2DC9D780000B4168 /* EvaUserProfileListItemViewModel.swift in Sources */,
				8C94E4C92DBB59040005D4B5 /* EvaExtension.swift in Sources */,
				8C94E4D12DBD38870005D4B5 /* EvaRouter.swift in Sources */,
				0EF3B2B72DD4D0C800914E5E /* EvaUDManager.swift in Sources */,
				8C86E0902DDE36A600B55687 /* WeStudyWebViewController.swift in Sources */,
				0EDFAD2D2DCEE8F2004E9526 /* NetworkClient.swift in Sources */,
				0EDFAD2E2DCEE8F2004E9526 /* SwiftCombineSupport.swift in Sources */,
			);
			runOnlyForDeploymentPostprocessing = 0;
		};
/* End PBXSourcesBuildPhase section */

/* Begin PBXVariantGroup section */
		8CAA9E992DB164D900C48B27 /* LaunchScreen.storyboard */ = {
			isa = PBXVariantGroup;
			children = (
				8CAA9E9A2DB164D900C48B27 /* Base */,
			);
			name = LaunchScreen.storyboard;
			sourceTree = "<group>";
		};
/* End PBXVariantGroup section */

/* Begin XCBuildConfiguration section */
		8CAA9E9D2DB164D900C48B27 /* Debug */ = {
			isa = XCBuildConfiguration;
			buildSettings = {
				ALWAYS_SEARCH_USER_PATHS = NO;
				ASSETCATALOG_COMPILER_GENERATE_SWIFT_ASSET_SYMBOL_EXTENSIONS = YES;
				CLANG_ANALYZER_NONNULL = YES;
				CLANG_ANALYZER_NUMBER_OBJECT_CONVERSION = YES_AGGRESSIVE;
				CLANG_CXX_LANGUAGE_STANDARD = "gnu++20";
				CLANG_ENABLE_MODULES = YES;
				CLANG_ENABLE_OBJC_ARC = YES;
				CLANG_ENABLE_OBJC_WEAK = YES;
				CLANG_WARN_BLOCK_CAPTURE_AUTORELEASING = YES;
				CLANG_WARN_BOOL_CONVERSION = YES;
				CLANG_WARN_COMMA = YES;
				CLANG_WARN_CONSTANT_CONVERSION = YES;
				CLANG_WARN_DEPRECATED_OBJC_IMPLEMENTATIONS = YES;
				CLANG_WARN_DIRECT_OBJC_ISA_USAGE = YES_ERROR;
				CLANG_WARN_DOCUMENTATION_COMMENTS = YES;
				CLANG_WARN_EMPTY_BODY = YES;
				CLANG_WARN_ENUM_CONVERSION = YES;
				CLANG_WARN_INFINITE_RECURSION = YES;
				CLANG_WARN_INT_CONVERSION = YES;
				CLANG_WARN_NON_LITERAL_NULL_CONVERSION = YES;
				CLANG_WARN_OBJC_IMPLICIT_RETAIN_SELF = YES;
				CLANG_WARN_OBJC_LITERAL_CONVERSION = YES;
				CLANG_WARN_OBJC_ROOT_CLASS = YES_ERROR;
				CLANG_WARN_QUOTED_INCLUDE_IN_FRAMEWORK_HEADER = YES;
				CLANG_WARN_RANGE_LOOP_ANALYSIS = YES;
				CLANG_WARN_STRICT_PROTOTYPES = YES;
				CLANG_WARN_SUSPICIOUS_MOVE = YES;
				CLANG_WARN_UNGUARDED_AVAILABILITY = YES_AGGRESSIVE;
				CLANG_WARN_UNREACHABLE_CODE = YES;
				CLANG_WARN__DUPLICATE_METHOD_MATCH = YES;
				COPY_PHASE_STRIP = NO;
				DEBUG_INFORMATION_FORMAT = dwarf;
				ENABLE_STRICT_OBJC_MSGSEND = YES;
				ENABLE_TESTABILITY = YES;
				ENABLE_USER_SCRIPT_SANDBOXING = YES;
				GCC_C_LANGUAGE_STANDARD = gnu17;
				GCC_DYNAMIC_NO_PIC = NO;
				GCC_NO_COMMON_BLOCKS = YES;
				GCC_OPTIMIZATION_LEVEL = 0;
				GCC_PREPROCESSOR_DEFINITIONS = (
					"DEBUG=1",
					"$(inherited)",
				);
				GCC_WARN_64_TO_32_BIT_CONVERSION = YES;
				GCC_WARN_ABOUT_RETURN_TYPE = YES_ERROR;
				GCC_WARN_UNDECLARED_SELECTOR = YES;
				GCC_WARN_UNINITIALIZED_AUTOS = YES_AGGRESSIVE;
				GCC_WARN_UNUSED_FUNCTION = YES;
				GCC_WARN_UNUSED_VARIABLE = YES;
				IPHONEOS_DEPLOYMENT_TARGET = 17.2;
				LOCALIZATION_PREFERS_STRING_CATALOGS = YES;
				MTL_ENABLE_DEBUG_INFO = INCLUDE_SOURCE;
				MTL_FAST_MATH = YES;
				ONLY_ACTIVE_ARCH = YES;
				SDKROOT = iphoneos;
				SWIFT_ACTIVE_COMPILATION_CONDITIONS = "DEBUG $(inherited)";
				SWIFT_OPTIMIZATION_LEVEL = "-Onone";
			};
			name = Debug;
		};
		8CAA9E9E2DB164D900C48B27 /* Release */ = {
			isa = XCBuildConfiguration;
			buildSettings = {
				ALWAYS_SEARCH_USER_PATHS = NO;
				ASSETCATALOG_COMPILER_GENERATE_SWIFT_ASSET_SYMBOL_EXTENSIONS = YES;
				CLANG_ANALYZER_NONNULL = YES;
				CLANG_ANALYZER_NUMBER_OBJECT_CONVERSION = YES_AGGRESSIVE;
				CLANG_CXX_LANGUAGE_STANDARD = "gnu++20";
				CLANG_ENABLE_MODULES = YES;
				CLANG_ENABLE_OBJC_ARC = YES;
				CLANG_ENABLE_OBJC_WEAK = YES;
				CLANG_WARN_BLOCK_CAPTURE_AUTORELEASING = YES;
				CLANG_WARN_BOOL_CONVERSION = YES;
				CLANG_WARN_COMMA = YES;
				CLANG_WARN_CONSTANT_CONVERSION = YES;
				CLANG_WARN_DEPRECATED_OBJC_IMPLEMENTATIONS = YES;
				CLANG_WARN_DIRECT_OBJC_ISA_USAGE = YES_ERROR;
				CLANG_WARN_DOCUMENTATION_COMMENTS = YES;
				CLANG_WARN_EMPTY_BODY = YES;
				CLANG_WARN_ENUM_CONVERSION = YES;
				CLANG_WARN_INFINITE_RECURSION = YES;
				CLANG_WARN_INT_CONVERSION = YES;
				CLANG_WARN_NON_LITERAL_NULL_CONVERSION = YES;
				CLANG_WARN_OBJC_IMPLICIT_RETAIN_SELF = YES;
				CLANG_WARN_OBJC_LITERAL_CONVERSION = YES;
				CLANG_WARN_OBJC_ROOT_CLASS = YES_ERROR;
				CLANG_WARN_QUOTED_INCLUDE_IN_FRAMEWORK_HEADER = YES;
				CLANG_WARN_RANGE_LOOP_ANALYSIS = YES;
				CLANG_WARN_STRICT_PROTOTYPES = YES;
				CLANG_WARN_SUSPICIOUS_MOVE = YES;
				CLANG_WARN_UNGUARDED_AVAILABILITY = YES_AGGRESSIVE;
				CLANG_WARN_UNREACHABLE_CODE = YES;
				CLANG_WARN__DUPLICATE_METHOD_MATCH = YES;
				COPY_PHASE_STRIP = NO;
				DEBUG_INFORMATION_FORMAT = "dwarf-with-dsym";
				ENABLE_NS_ASSERTIONS = NO;
				ENABLE_STRICT_OBJC_MSGSEND = YES;
				ENABLE_USER_SCRIPT_SANDBOXING = YES;
				GCC_C_LANGUAGE_STANDARD = gnu17;
				GCC_NO_COMMON_BLOCKS = YES;
				GCC_WARN_64_TO_32_BIT_CONVERSION = YES;
				GCC_WARN_ABOUT_RETURN_TYPE = YES_ERROR;
				GCC_WARN_UNDECLARED_SELECTOR = YES;
				GCC_WARN_UNINITIALIZED_AUTOS = YES_AGGRESSIVE;
				GCC_WARN_UNUSED_FUNCTION = YES;
				GCC_WARN_UNUSED_VARIABLE = YES;
				IPHONEOS_DEPLOYMENT_TARGET = 17.2;
				LOCALIZATION_PREFERS_STRING_CATALOGS = YES;
				MTL_ENABLE_DEBUG_INFO = NO;
				MTL_FAST_MATH = YES;
				SDKROOT = iphoneos;
				SWIFT_COMPILATION_MODE = wholemodule;
				VALIDATE_PRODUCT = YES;
			};
			name = Release;
		};
		8CAA9EA02DB164D900C48B27 /* Debug */ = {
			isa = XCBuildConfiguration;
			baseConfigurationReference = 7A10D700A5C0AF96271F8C2E /* Pods-Eva.debug.xcconfig */;
			buildSettings = {
				ASSETCATALOG_COMPILER_APPICON_NAME = AppIcon;
				ASSETCATALOG_COMPILER_GLOBAL_ACCENT_COLOR_NAME = AccentColor;
				BUILD_LIBRARY_FOR_DISTRIBUTION = NO;
				"CODE_SIGN_IDENTITY[sdk=iphoneos*]" = "iPhone Developer";
				CODE_SIGN_STYLE = Manual;
				CURRENT_PROJECT_VERSION = 1;
				DEVELOPMENT_TEAM = "";
				"DEVELOPMENT_TEAM[sdk=iphoneos*]" = P66P3CXU58;
				ENABLE_USER_SCRIPT_SANDBOXING = NO;
				GENERATE_INFOPLIST_FILE = YES;
				INFOPLIST_FILE = Eva/Info.plist;
				INFOPLIST_KEY_NSMicrophoneUsageDescription = stt;
				INFOPLIST_KEY_NSSpeechRecognitionUsageDescription = "speech to tts";
				INFOPLIST_KEY_UIApplicationSupportsIndirectInputEvents = YES;
				INFOPLIST_KEY_UILaunchStoryboardName = LaunchScreen;
				INFOPLIST_KEY_UIMainStoryboardFile = "";
				INFOPLIST_KEY_UIRequiredDeviceCapabilities = armv7;
				INFOPLIST_KEY_UISupportedInterfaceOrientations = "UIInterfaceOrientationPortrait UIInterfaceOrientationLandscapeLeft";
				INFOPLIST_KEY_UISupportedInterfaceOrientations_iPad = "UIInterfaceOrientationPortrait UIInterfaceOrientationPortraitUpsideDown UIInterfaceOrientationLandscapeLeft UIInterfaceOrientationLandscapeRight";
				INFOPLIST_KEY_UISupportedInterfaceOrientations_iPhone = "UIInterfaceOrientationPortrait UIInterfaceOrientationLandscapeLeft UIInterfaceOrientationLandscapeRight";
				IPHONEOS_DEPLOYMENT_TARGET = 15.6;
				LD_RUNPATH_SEARCH_PATHS = (
					"$(inherited)",
					"@executable_path/Frameworks",
				);
				MARKETING_VERSION = 1.0;
				PRODUCT_BUNDLE_IDENTIFIER = com.bear.yao.xi.eva;
				PRODUCT_NAME = "$(TARGET_NAME)";
				PROVISIONING_PROFILE_SPECIFIER = "";
				"PROVISIONING_PROFILE_SPECIFIER[sdk=iphoneos*]" = "EvaAI-Development";
				SWIFT_EMIT_LOC_STRINGS = YES;
				SWIFT_VERSION = 5.0;
				TARGETED_DEVICE_FAMILY = "1,2";
			};
			name = Debug;
		};
		8CAA9EA12DB164D900C48B27 /* Release */ = {
			isa = XCBuildConfiguration;
			baseConfigurationReference = FEE112789E5FAB886D8B14A2 /* Pods-Eva.release.xcconfig */;
			buildSettings = {
				ASSETCATALOG_COMPILER_APPICON_NAME = AppIcon;
				ASSETCATALOG_COMPILER_GLOBAL_ACCENT_COLOR_NAME = AccentColor;
				BUILD_LIBRARY_FOR_DISTRIBUTION = NO;
				"CODE_SIGN_IDENTITY[sdk=iphoneos*]" = "iPhone Distribution";
				CODE_SIGN_STYLE = Manual;
				CURRENT_PROJECT_VERSION = 1;
				DEVELOPMENT_TEAM = "";
				"DEVELOPMENT_TEAM[sdk=iphoneos*]" = P66P3CXU58;
				ENABLE_USER_SCRIPT_SANDBOXING = NO;
				GENERATE_INFOPLIST_FILE = YES;
				INFOPLIST_FILE = Eva/Info.plist;
				INFOPLIST_KEY_NSMicrophoneUsageDescription = stt;
				INFOPLIST_KEY_NSSpeechRecognitionUsageDescription = "speech to tts";
				INFOPLIST_KEY_UIApplicationSupportsIndirectInputEvents = YES;
				INFOPLIST_KEY_UILaunchStoryboardName = LaunchScreen;
				INFOPLIST_KEY_UIMainStoryboardFile = "";
				INFOPLIST_KEY_UIRequiredDeviceCapabilities = armv7;
				INFOPLIST_KEY_UISupportedInterfaceOrientations = "UIInterfaceOrientationPortrait UIInterfaceOrientationLandscapeLeft";
				INFOPLIST_KEY_UISupportedInterfaceOrientations_iPad = "UIInterfaceOrientationPortrait UIInterfaceOrientationPortraitUpsideDown UIInterfaceOrientationLandscapeLeft UIInterfaceOrientationLandscapeRight";
				INFOPLIST_KEY_UISupportedInterfaceOrientations_iPhone = "UIInterfaceOrientationPortrait UIInterfaceOrientationLandscapeLeft UIInterfaceOrientationLandscapeRight";
				IPHONEOS_DEPLOYMENT_TARGET = 15.6;
				LD_RUNPATH_SEARCH_PATHS = (
					"$(inherited)",
					"@executable_path/Frameworks",
				);
				MARKETING_VERSION = 1.0;
				PRODUCT_BUNDLE_IDENTIFIER = com.bear.yao.xi.eva;
				PRODUCT_NAME = "$(TARGET_NAME)";
				PROVISIONING_PROFILE_SPECIFIER = "";
				"PROVISIONING_PROFILE_SPECIFIER[sdk=iphoneos*]" = "EvaAI-AdHoc";
				SWIFT_EMIT_LOC_STRINGS = YES;
				SWIFT_VERSION = 5.0;
				TARGETED_DEVICE_FAMILY = "1,2";
			};
			name = Release;
		};
/* End XCBuildConfiguration section */

/* Begin XCConfigurationList section */
		8CAA9E862DB164D600C48B27 /* Build configuration list for PBXProject "Eva" */ = {
			isa = XCConfigurationList;
			buildConfigurations = (
				8CAA9E9D2DB164D900C48B27 /* Debug */,
				8CAA9E9E2DB164D900C48B27 /* Release */,
			);
			defaultConfigurationIsVisible = 0;
			defaultConfigurationName = Release;
		};
		8CAA9E9F2DB164D900C48B27 /* Build configuration list for PBXNativeTarget "Eva" */ = {
			isa = XCConfigurationList;
			buildConfigurations = (
				8CAA9EA02DB164D900C48B27 /* Debug */,
				8CAA9EA12DB164D900C48B27 /* Release */,
			);
			defaultConfigurationIsVisible = 0;
			defaultConfigurationName = Release;
		};
/* End XCConfigurationList section */
	};
	rootObject = 8CAA9E832DB164D600C48B27 /* Project object */;
}
