// !$*UTF8*$!
{
	archiveVersion = 1;
	classes = {
	};
	objectVersion = 56;
	objects = {

/* Begin PBXBuildFile section */
		8C6D34242D796ADB005A07B7 /* AppDelegate.swift in Sources */ = {isa = PBXBuildFile; fileRef = 8C6D34232D796ADB005A07B7 /* AppDelegate.swift */; };
		8C6D34262D796ADB005A07B7 /* SceneDelegate.swift in Sources */ = {isa = PBXBuildFile; fileRef = 8C6D34252D796ADB005A07B7 /* SceneDelegate.swift */; };
		8C6D34282D796ADB005A07B7 /* ViewController.swift in Sources */ = {isa = PBXBuildFile; fileRef = 8C6D34272D796ADB005A07B7 /* ViewController.swift */; };
		8C6D342B2D796ADC005A07B7 /* Main.storyboard in Resources */ = {isa = PBXBuildFile; fileRef = 8C6D34292D796ADB005A07B7 /* Main.storyboard */; };
		8C6D342D2D796AE3005A07B7 /* Assets.xcassets in Resources */ = {isa = PBXBuildFile; fileRef = 8C6D342C2D796AE3005A07B7 /* Assets.xcassets */; };
		8C6D34302D796AE3005A07B7 /* LaunchScreen.storyboard in Resources */ = {isa = PBXBuildFile; fileRef = 8C6D342E2D796AE3005A07B7 /* LaunchScreen.storyboard */; };
		8C6D343B2D796AE3005A07B7 /* MoYuTests.swift in Sources */ = {isa = PBXBuildFile; fileRef = 8C6D343A2D796AE3005A07B7 /* MoYuTests.swift */; };
		8C6D34452D796AE3005A07B7 /* MoYuUITests.swift in Sources */ = {isa = PBXBuildFile; fileRef = 8C6D34442D796AE3005A07B7 /* MoYuUITests.swift */; };
		8C6D34472D796AE3005A07B7 /* MoYuUITestsLaunchTests.swift in Sources */ = {isa = PBXBuildFile; fileRef = 8C6D34462D796AE3005A07B7 /* MoYuUITestsLaunchTests.swift */; };
/* End PBXBuildFile section */

/* Begin PBXContainerItemProxy section */
		8C6D34372D796AE3005A07B7 /* PBXContainerItemProxy */ = {
			isa = PBXContainerItemProxy;
			containerPortal = 8C6D34182D796ADB005A07B7 /* Project object */;
			proxyType = 1;
			remoteGlobalIDString = 8C6D341F2D796ADB005A07B7;
			remoteInfo = MoYu;
		};
		8C6D34412D796AE3005A07B7 /* PBXContainerItemProxy */ = {
			isa = PBXContainerItemProxy;
			containerPortal = 8C6D34182D796ADB005A07B7 /* Project object */;
			proxyType = 1;
			remoteGlobalIDString = 8C6D341F2D796ADB005A07B7;
			remoteInfo = MoYu;
		};
/* End PBXContainerItemProxy section */

/* Begin PBXFileReference section */
		8C6D34202D796ADB005A07B7 /* MoYu.app */ = {isa = PBXFileReference; explicitFileType = wrapper.application; includeInIndex = 0; path = MoYu.app; sourceTree = BUILT_PRODUCTS_DIR; };
		8C6D34232D796ADB005A07B7 /* AppDelegate.swift */ = {isa = PBXFileReference; lastKnownFileType = sourcecode.swift; path = AppDelegate.swift; sourceTree = "<group>"; };
		8C6D34252D796ADB005A07B7 /* SceneDelegate.swift */ = {isa = PBXFileReference; lastKnownFileType = sourcecode.swift; path = SceneDelegate.swift; sourceTree = "<group>"; };
		8C6D34272D796ADB005A07B7 /* ViewController.swift */ = {isa = PBXFileReference; lastKnownFileType = sourcecode.swift; path = ViewController.swift; sourceTree = "<group>"; };
		8C6D342A2D796ADB005A07B7 /* Base */ = {isa = PBXFileReference; lastKnownFileType = file.storyboard; name = Base; path = Base.lproj/Main.storyboard; sourceTree = "<group>"; };
		8C6D342C2D796AE3005A07B7 /* Assets.xcassets */ = {isa = PBXFileReference; lastKnownFileType = folder.assetcatalog; path = Assets.xcassets; sourceTree = "<group>"; };
		8C6D342F2D796AE3005A07B7 /* Base */ = {isa = PBXFileReference; lastKnownFileType = file.storyboard; name = Base; path = Base.lproj/LaunchScreen.storyboard; sourceTree = "<group>"; };
		8C6D34312D796AE3005A07B7 /* Info.plist */ = {isa = PBXFileReference; lastKnownFileType = text.plist.xml; path = Info.plist; sourceTree = "<group>"; };
		8C6D34362D796AE3005A07B7 /* MoYuTests.xctest */ = {isa = PBXFileReference; explicitFileType = wrapper.cfbundle; includeInIndex = 0; path = MoYuTests.xctest; sourceTree = BUILT_PRODUCTS_DIR; };
		8C6D343A2D796AE3005A07B7 /* MoYuTests.swift */ = {isa = PBXFileReference; lastKnownFileType = sourcecode.swift; path = MoYuTests.swift; sourceTree = "<group>"; };
		8C6D34402D796AE3005A07B7 /* MoYuUITests.xctest */ = {isa = PBXFileReference; explicitFileType = wrapper.cfbundle; includeInIndex = 0; path = MoYuUITests.xctest; sourceTree = BUILT_PRODUCTS_DIR; };
		8C6D34442D796AE3005A07B7 /* MoYuUITests.swift */ = {isa = PBXFileReference; lastKnownFileType = sourcecode.swift; path = MoYuUITests.swift; sourceTree = "<group>"; };
		8C6D34462D796AE3005A07B7 /* MoYuUITestsLaunchTests.swift */ = {isa = PBXFileReference; lastKnownFileType = sourcecode.swift; path = MoYuUITestsLaunchTests.swift; sourceTree = "<group>"; };
/* End PBXFileReference section */

/* Begin PBXFrameworksBuildPhase section */
		8C6D341D2D796ADB005A07B7 /* Frameworks */ = {
			isa = PBXFrameworksBuildPhase;
			buildActionMask = 2147483647;
			files = (
			);
			runOnlyForDeploymentPostprocessing = 0;
		};
		8C6D34332D796AE3005A07B7 /* Frameworks */ = {
			isa = PBXFrameworksBuildPhase;
			buildActionMask = 2147483647;
			files = (
			);
			runOnlyForDeploymentPostprocessing = 0;
		};
		8C6D343D2D796AE3005A07B7 /* Frameworks */ = {
			isa = PBXFrameworksBuildPhase;
			buildActionMask = 2147483647;
			files = (
			);
			runOnlyForDeploymentPostprocessing = 0;
		};
/* End PBXFrameworksBuildPhase section */

/* Begin PBXGroup section */
		8C6D34172D796ADB005A07B7 = {
			isa = PBXGroup;
			children = (
				8C6D34222D796ADB005A07B7 /* MoYu */,
				8C6D34392D796AE3005A07B7 /* MoYuTests */,
				8C6D34432D796AE3005A07B7 /* MoYuUITests */,
				8C6D34212D796ADB005A07B7 /* Products */,
			);
			sourceTree = "<group>";
		};
		8C6D34212D796ADB005A07B7 /* Products */ = {
			isa = PBXGroup;
			children = (
				8C6D34202D796ADB005A07B7 /* MoYu.app */,
				8C6D34362D796AE3005A07B7 /* MoYuTests.xctest */,
				8C6D34402D796AE3005A07B7 /* MoYuUITests.xctest */,
			);
			name = Products;
			sourceTree = "<group>";
		};
		8C6D34222D796ADB005A07B7 /* MoYu */ = {
			isa = PBXGroup;
			children = (
				8C6D34232D796ADB005A07B7 /* AppDelegate.swift */,
				8C6D34252D796ADB005A07B7 /* SceneDelegate.swift */,
				8C6D34272D796ADB005A07B7 /* ViewController.swift */,
				8C6D34292D796ADB005A07B7 /* Main.storyboard */,
				8C6D342C2D796AE3005A07B7 /* Assets.xcassets */,
				8C6D342E2D796AE3005A07B7 /* LaunchScreen.storyboard */,
				8C6D34312D796AE3005A07B7 /* Info.plist */,
			);
			path = MoYu;
			sourceTree = "<group>";
		};
		8C6D34392D796AE3005A07B7 /* MoYuTests */ = {
			isa = PBXGroup;
			children = (
				8C6D343A2D796AE3005A07B7 /* MoYuTests.swift */,
			);
			path = MoYuTests;
			sourceTree = "<group>";
		};
		8C6D34432D796AE3005A07B7 /* MoYuUITests */ = {
			isa = PBXGroup;
			children = (
				8C6D34442D796AE3005A07B7 /* MoYuUITests.swift */,
				8C6D34462D796AE3005A07B7 /* MoYuUITestsLaunchTests.swift */,
			);
			path = MoYuUITests;
			sourceTree = "<group>";
		};
/* End PBXGroup section */

/* Begin PBXNativeTarget section */
		8C6D341F2D796ADB005A07B7 /* MoYu */ = {
			isa = PBXNativeTarget;
			buildConfigurationList = 8C6D344A2D796AE3005A07B7 /* Build configuration list for PBXNativeTarget "MoYu" */;
			buildPhases = (
				8C6D341C2D796ADB005A07B7 /* Sources */,
				8C6D341D2D796ADB005A07B7 /* Frameworks */,
				8C6D341E2D796ADB005A07B7 /* Resources */,
			);
			buildRules = (
			);
			dependencies = (
			);
			name = MoYu;
			productName = MoYu;
			productReference = 8C6D34202D796ADB005A07B7 /* MoYu.app */;
			productType = "com.apple.product-type.application";
		};
		8C6D34352D796AE3005A07B7 /* MoYuTests */ = {
			isa = PBXNativeTarget;
			buildConfigurationList = 8C6D344D2D796AE3005A07B7 /* Build configuration list for PBXNativeTarget "MoYuTests" */;
			buildPhases = (
				8C6D34322D796AE3005A07B7 /* Sources */,
				8C6D34332D796AE3005A07B7 /* Frameworks */,
				8C6D34342D796AE3005A07B7 /* Resources */,
			);
			buildRules = (
			);
			dependencies = (
				8C6D34382D796AE3005A07B7 /* PBXTargetDependency */,
			);
			name = MoYuTests;
			productName = MoYuTests;
			productReference = 8C6D34362D796AE3005A07B7 /* MoYuTests.xctest */;
			productType = "com.apple.product-type.bundle.unit-test";
		};
		8C6D343F2D796AE3005A07B7 /* MoYuUITests */ = {
			isa = PBXNativeTarget;
			buildConfigurationList = 8C6D34502D796AE3005A07B7 /* Build configuration list for PBXNativeTarget "MoYuUITests" */;
			buildPhases = (
				8C6D343C2D796AE3005A07B7 /* Sources */,
				8C6D343D2D796AE3005A07B7 /* Frameworks */,
				8C6D343E2D796AE3005A07B7 /* Resources */,
			);
			buildRules = (
			);
			dependencies = (
				8C6D34422D796AE3005A07B7 /* PBXTargetDependency */,
			);
			name = MoYuUITests;
			productName = MoYuUITests;
			productReference = 8C6D34402D796AE3005A07B7 /* MoYuUITests.xctest */;
			productType = "com.apple.product-type.bundle.ui-testing";
		};
/* End PBXNativeTarget section */

/* Begin PBXProject section */
		8C6D34182D796ADB005A07B7 /* Project object */ = {
			isa = PBXProject;
			attributes = {
				BuildIndependentTargetsInParallel = 1;
				LastSwiftUpdateCheck = 1520;
				LastUpgradeCheck = 1520;
				TargetAttributes = {
					8C6D341F2D796ADB005A07B7 = {
						CreatedOnToolsVersion = 15.2;
					};
					8C6D34352D796AE3005A07B7 = {
						CreatedOnToolsVersion = 15.2;
						TestTargetID = 8C6D341F2D796ADB005A07B7;
					};
					8C6D343F2D796AE3005A07B7 = {
						CreatedOnToolsVersion = 15.2;
						TestTargetID = 8C6D341F2D796ADB005A07B7;
					};
				};
			};
			buildConfigurationList = 8C6D341B2D796ADB005A07B7 /* Build configuration list for PBXProject "MoYu" */;
			compatibilityVersion = "Xcode 14.0";
			developmentRegion = en;
			hasScannedForEncodings = 0;
			knownRegions = (
				en,
				Base,
			);
			mainGroup = 8C6D34172D796ADB005A07B7;
			productRefGroup = 8C6D34212D796ADB005A07B7 /* Products */;
			projectDirPath = "";
			projectRoot = "";
			targets = (
				8C6D341F2D796ADB005A07B7 /* MoYu */,
				8C6D34352D796AE3005A07B7 /* MoYuTests */,
				8C6D343F2D796AE3005A07B7 /* MoYuUITests */,
			);
		};
/* End PBXProject section */

/* Begin PBXResourcesBuildPhase section */
		8C6D341E2D796ADB005A07B7 /* Resources */ = {
			isa = PBXResourcesBuildPhase;
			buildActionMask = 2147483647;
			files = (
				8C6D34302D796AE3005A07B7 /* LaunchScreen.storyboard in Resources */,
				8C6D342D2D796AE3005A07B7 /* Assets.xcassets in Resources */,
				8C6D342B2D796ADC005A07B7 /* Main.storyboard in Resources */,
			);
			runOnlyForDeploymentPostprocessing = 0;
		};
		8C6D34342D796AE3005A07B7 /* Resources */ = {
			isa = PBXResourcesBuildPhase;
			buildActionMask = 2147483647;
			files = (
			);
			runOnlyForDeploymentPostprocessing = 0;
		};
		8C6D343E2D796AE3005A07B7 /* Resources */ = {
			isa = PBXResourcesBuildPhase;
			buildActionMask = 2147483647;
			files = (
			);
			runOnlyForDeploymentPostprocessing = 0;
		};
/* End PBXResourcesBuildPhase section */

/* Begin PBXSourcesBuildPhase section */
		8C6D341C2D796ADB005A07B7 /* Sources */ = {
			isa = PBXSourcesBuildPhase;
			buildActionMask = 2147483647;
			files = (
				8C6D34282D796ADB005A07B7 /* ViewController.swift in Sources */,
				8C6D34242D796ADB005A07B7 /* AppDelegate.swift in Sources */,
				8C6D34262D796ADB005A07B7 /* SceneDelegate.swift in Sources */,
			);
			runOnlyForDeploymentPostprocessing = 0;
		};
		8C6D34322D796AE3005A07B7 /* Sources */ = {
			isa = PBXSourcesBuildPhase;
			buildActionMask = 2147483647;
			files = (
				8C6D343B2D796AE3005A07B7 /* MoYuTests.swift in Sources */,
			);
			runOnlyForDeploymentPostprocessing = 0;
		};
		8C6D343C2D796AE3005A07B7 /* Sources */ = {
			isa = PBXSourcesBuildPhase;
			buildActionMask = 2147483647;
			files = (
				8C6D34472D796AE3005A07B7 /* MoYuUITestsLaunchTests.swift in Sources */,
				8C6D34452D796AE3005A07B7 /* MoYuUITests.swift in Sources */,
			);
			runOnlyForDeploymentPostprocessing = 0;
		};
/* End PBXSourcesBuildPhase section */

/* Begin PBXTargetDependency section */
		8C6D34382D796AE3005A07B7 /* PBXTargetDependency */ = {
			isa = PBXTargetDependency;
			target = 8C6D341F2D796ADB005A07B7 /* MoYu */;
			targetProxy = 8C6D34372D796AE3005A07B7 /* PBXContainerItemProxy */;
		};
		8C6D34422D796AE3005A07B7 /* PBXTargetDependency */ = {
			isa = PBXTargetDependency;
			target = 8C6D341F2D796ADB005A07B7 /* MoYu */;
			targetProxy = 8C6D34412D796AE3005A07B7 /* PBXContainerItemProxy */;
		};
/* End PBXTargetDependency section */

/* Begin PBXVariantGroup section */
		8C6D34292D796ADB005A07B7 /* Main.storyboard */ = {
			isa = PBXVariantGroup;
			children = (
				8C6D342A2D796ADB005A07B7 /* Base */,
			);
			name = Main.storyboard;
			sourceTree = "<group>";
		};
		8C6D342E2D796AE3005A07B7 /* LaunchScreen.storyboard */ = {
			isa = PBXVariantGroup;
			children = (
				8C6D342F2D796AE3005A07B7 /* Base */,
			);
			name = LaunchScreen.storyboard;
			sourceTree = "<group>";
		};
/* End PBXVariantGroup section */

/* Begin XCBuildConfiguration section */
		8C6D34482D796AE3005A07B7 /* Debug */ = {
			isa = XCBuildConfiguration;
			buildSettings = {
				ALWAYS_SEARCH_USER_PATHS = NO;
				ASSETCATALOG_COMPILER_GENERATE_SWIFT_ASSET_SYMBOL_EXTENSIONS = YES;
				CLANG_ANALYZER_NONNULL = YES;
				CLANG_ANALYZER_NUMBER_OBJECT_CONVERSION = YES_AGGRESSIVE;
				CLANG_CXX_LANGUAGE_STANDARD = "gnu++20";
				CLANG_ENABLE_MODULES = YES;
				CLANG_ENABLE_OBJC_ARC = YES;
				CLANG_ENABLE_OBJC_WEAK = YES;
				CLANG_WARN_BLOCK_CAPTURE_AUTORELEASING = YES;
				CLANG_WARN_BOOL_CONVERSION = YES;
				CLANG_WARN_COMMA = YES;
				CLANG_WARN_CONSTANT_CONVERSION = YES;
				CLANG_WARN_DEPRECATED_OBJC_IMPLEMENTATIONS = YES;
				CLANG_WARN_DIRECT_OBJC_ISA_USAGE = YES_ERROR;
				CLANG_WARN_DOCUMENTATION_COMMENTS = YES;
				CLANG_WARN_EMPTY_BODY = YES;
				CLANG_WARN_ENUM_CONVERSION = YES;
				CLANG_WARN_INFINITE_RECURSION = YES;
				CLANG_WARN_INT_CONVERSION = YES;
				CLANG_WARN_NON_LITERAL_NULL_CONVERSION = YES;
				CLANG_WARN_OBJC_IMPLICIT_RETAIN_SELF = YES;
				CLANG_WARN_OBJC_LITERAL_CONVERSION = YES;
				CLANG_WARN_OBJC_ROOT_CLASS = YES_ERROR;
				CLANG_WARN_QUOTED_INCLUDE_IN_FRAMEWORK_HEADER = YES;
				CLANG_WARN_RANGE_LOOP_ANALYSIS = YES;
				CLANG_WARN_STRICT_PROTOTYPES = YES;
				CLANG_WARN_SUSPICIOUS_MOVE = YES;
				CLANG_WARN_UNGUARDED_AVAILABILITY = YES_AGGRESSIVE;
				CLANG_WARN_UNREACHABLE_CODE = YES;
				CLANG_WARN__DUPLICATE_METHOD_MATCH = YES;
				COPY_PHASE_STRIP = NO;
				DEBUG_INFORMATION_FORMAT = dwarf;
				ENABLE_STRICT_OBJC_MSGSEND = YES;
				ENABLE_TESTABILITY = YES;
				ENABLE_USER_SCRIPT_SANDBOXING = YES;
				GCC_C_LANGUAGE_STANDARD = gnu17;
				GCC_DYNAMIC_NO_PIC = NO;
				GCC_NO_COMMON_BLOCKS = YES;
				GCC_OPTIMIZATION_LEVEL = 0;
				GCC_PREPROCESSOR_DEFINITIONS = (
					"DEBUG=1",
					"$(inherited)",
				);
				GCC_WARN_64_TO_32_BIT_CONVERSION = YES;
				GCC_WARN_ABOUT_RETURN_TYPE = YES_ERROR;
				GCC_WARN_UNDECLARED_SELECTOR = YES;
				GCC_WARN_UNINITIALIZED_AUTOS = YES_AGGRESSIVE;
				GCC_WARN_UNUSED_FUNCTION = YES;
				GCC_WARN_UNUSED_VARIABLE = YES;
				IPHONEOS_DEPLOYMENT_TARGET = 17.2;
				LOCALIZATION_PREFERS_STRING_CATALOGS = YES;
				MTL_ENABLE_DEBUG_INFO = INCLUDE_SOURCE;
				MTL_FAST_MATH = YES;
				ONLY_ACTIVE_ARCH = YES;
				SDKROOT = iphoneos;
				SWIFT_ACTIVE_COMPILATION_CONDITIONS = "DEBUG $(inherited)";
				SWIFT_OPTIMIZATION_LEVEL = "-Onone";
			};
			name = Debug;
		};
		8C6D34492D796AE3005A07B7 /* Release */ = {
			isa = XCBuildConfiguration;
			buildSettings = {
				ALWAYS_SEARCH_USER_PATHS = NO;
				ASSETCATALOG_COMPILER_GENERATE_SWIFT_ASSET_SYMBOL_EXTENSIONS = YES;
				CLANG_ANALYZER_NONNULL = YES;
				CLANG_ANALYZER_NUMBER_OBJECT_CONVERSION = YES_AGGRESSIVE;
				CLANG_CXX_LANGUAGE_STANDARD = "gnu++20";
				CLANG_ENABLE_MODULES = YES;
				CLANG_ENABLE_OBJC_ARC = YES;
				CLANG_ENABLE_OBJC_WEAK = YES;
				CLANG_WARN_BLOCK_CAPTURE_AUTORELEASING = YES;
				CLANG_WARN_BOOL_CONVERSION = YES;
				CLANG_WARN_COMMA = YES;
				CLANG_WARN_CONSTANT_CONVERSION = YES;
				CLANG_WARN_DEPRECATED_OBJC_IMPLEMENTATIONS = YES;
				CLANG_WARN_DIRECT_OBJC_ISA_USAGE = YES_ERROR;
				CLANG_WARN_DOCUMENTATION_COMMENTS = YES;
				CLANG_WARN_EMPTY_BODY = YES;
				CLANG_WARN_ENUM_CONVERSION = YES;
				CLANG_WARN_INFINITE_RECURSION = YES;
				CLANG_WARN_INT_CONVERSION = YES;
				CLANG_WARN_NON_LITERAL_NULL_CONVERSION = YES;
				CLANG_WARN_OBJC_IMPLICIT_RETAIN_SELF = YES;
				CLANG_WARN_OBJC_LITERAL_CONVERSION = YES;
				CLANG_WARN_OBJC_ROOT_CLASS = YES_ERROR;
				CLANG_WARN_QUOTED_INCLUDE_IN_FRAMEWORK_HEADER = YES;
				CLANG_WARN_RANGE_LOOP_ANALYSIS = YES;
				CLANG_WARN_STRICT_PROTOTYPES = YES;
				CLANG_WARN_SUSPICIOUS_MOVE = YES;
				CLANG_WARN_UNGUARDED_AVAILABILITY = YES_AGGRESSIVE;
				CLANG_WARN_UNREACHABLE_CODE = YES;
				CLANG_WARN__DUPLICATE_METHOD_MATCH = YES;
				COPY_PHASE_STRIP = NO;
				DEBUG_INFORMATION_FORMAT = "dwarf-with-dsym";
				ENABLE_NS_ASSERTIONS = NO;
				ENABLE_STRICT_OBJC_MSGSEND = YES;
				ENABLE_USER_SCRIPT_SANDBOXING = YES;
				GCC_C_LANGUAGE_STANDARD = gnu17;
				GCC_NO_COMMON_BLOCKS = YES;
				GCC_WARN_64_TO_32_BIT_CONVERSION = YES;
				GCC_WARN_ABOUT_RETURN_TYPE = YES_ERROR;
				GCC_WARN_UNDECLARED_SELECTOR = YES;
				GCC_WARN_UNINITIALIZED_AUTOS = YES_AGGRESSIVE;
				GCC_WARN_UNUSED_FUNCTION = YES;
				GCC_WARN_UNUSED_VARIABLE = YES;
				IPHONEOS_DEPLOYMENT_TARGET = 17.2;
				LOCALIZATION_PREFERS_STRING_CATALOGS = YES;
				MTL_ENABLE_DEBUG_INFO = NO;
				MTL_FAST_MATH = YES;
				SDKROOT = iphoneos;
				SWIFT_COMPILATION_MODE = wholemodule;
				VALIDATE_PRODUCT = YES;
			};
			name = Release;
		};
		8C6D344B2D796AE3005A07B7 /* Debug */ = {
			isa = XCBuildConfiguration;
			buildSettings = {
				ASSETCATALOG_COMPILER_APPICON_NAME = AppIcon;
				ASSETCATALOG_COMPILER_GLOBAL_ACCENT_COLOR_NAME = AccentColor;
				CODE_SIGN_STYLE = Automatic;
				CURRENT_PROJECT_VERSION = 1;
				DEVELOPMENT_TEAM = BLBSCD8ZQ9;
				GENERATE_INFOPLIST_FILE = YES;
				INFOPLIST_FILE = MoYu/Info.plist;
				INFOPLIST_KEY_UIApplicationSupportsIndirectInputEvents = YES;
				INFOPLIST_KEY_UILaunchStoryboardName = LaunchScreen;
				INFOPLIST_KEY_UIMainStoryboardFile = Main;
				INFOPLIST_KEY_UISupportedInterfaceOrientations_iPad = "UIInterfaceOrientationPortrait UIInterfaceOrientationPortraitUpsideDown UIInterfaceOrientationLandscapeLeft UIInterfaceOrientationLandscapeRight";
				INFOPLIST_KEY_UISupportedInterfaceOrientations_iPhone = "UIInterfaceOrientationPortrait UIInterfaceOrientationLandscapeLeft UIInterfaceOrientationLandscapeRight";
				IPHONEOS_DEPLOYMENT_TARGET = 15.0;
				LD_RUNPATH_SEARCH_PATHS = (
					"$(inherited)",
					"@executable_path/Frameworks",
				);
				MARKETING_VERSION = 1.0;
				PRODUCT_BUNDLE_IDENTIFIER = com.bear.yao.xi.MoYu;
				PRODUCT_NAME = "$(TARGET_NAME)";
				SWIFT_EMIT_LOC_STRINGS = YES;
				SWIFT_VERSION = 5.0;
				TARGETED_DEVICE_FAMILY = "1,2";
			};
			name = Debug;
		};
		8C6D344C2D796AE3005A07B7 /* Release */ = {
			isa = XCBuildConfiguration;
			buildSettings = {
				ASSETCATALOG_COMPILER_APPICON_NAME = AppIcon;
				ASSETCATALOG_COMPILER_GLOBAL_ACCENT_COLOR_NAME = AccentColor;
				CODE_SIGN_STYLE = Automatic;
				CURRENT_PROJECT_VERSION = 1;
				DEVELOPMENT_TEAM = BLBSCD8ZQ9;
				GENERATE_INFOPLIST_FILE = YES;
				INFOPLIST_FILE = MoYu/Info.plist;
				INFOPLIST_KEY_UIApplicationSupportsIndirectInputEvents = YES;
				INFOPLIST_KEY_UILaunchStoryboardName = LaunchScreen;
				INFOPLIST_KEY_UIMainStoryboardFile = Main;
				INFOPLIST_KEY_UISupportedInterfaceOrientations_iPad = "UIInterfaceOrientationPortrait UIInterfaceOrientationPortraitUpsideDown UIInterfaceOrientationLandscapeLeft UIInterfaceOrientationLandscapeRight";
				INFOPLIST_KEY_UISupportedInterfaceOrientations_iPhone = "UIInterfaceOrientationPortrait UIInterfaceOrientationLandscapeLeft UIInterfaceOrientationLandscapeRight";
				IPHONEOS_DEPLOYMENT_TARGET = 15.0;
				LD_RUNPATH_SEARCH_PATHS = (
					"$(inherited)",
					"@executable_path/Frameworks",
				);
				MARKETING_VERSION = 1.0;
				PRODUCT_BUNDLE_IDENTIFIER = com.bear.yao.xi.MoYu;
				PRODUCT_NAME = "$(TARGET_NAME)";
				SWIFT_EMIT_LOC_STRINGS = YES;
				SWIFT_VERSION = 5.0;
				TARGETED_DEVICE_FAMILY = "1,2";
			};
			name = Release;
		};
		8C6D344E2D796AE3005A07B7 /* Debug */ = {
			isa = XCBuildConfiguration;
			buildSettings = {
				ALWAYS_EMBED_SWIFT_STANDARD_LIBRARIES = YES;
				BUNDLE_LOADER = "$(TEST_HOST)";
				CODE_SIGN_STYLE = Automatic;
				CURRENT_PROJECT_VERSION = 1;
				DEVELOPMENT_TEAM = BLBSCD8ZQ9;
				GENERATE_INFOPLIST_FILE = YES;
				IPHONEOS_DEPLOYMENT_TARGET = 17.2;
				MARKETING_VERSION = 1.0;
				PRODUCT_BUNDLE_IDENTIFIER = com.bear.yao.xi.MoYuTests;
				PRODUCT_NAME = "$(TARGET_NAME)";
				SWIFT_EMIT_LOC_STRINGS = NO;
				SWIFT_VERSION = 5.0;
				TARGETED_DEVICE_FAMILY = "1,2";
				TEST_HOST = "$(BUILT_PRODUCTS_DIR)/MoYu.app/$(BUNDLE_EXECUTABLE_FOLDER_PATH)/MoYu";
			};
			name = Debug;
		};
		8C6D344F2D796AE3005A07B7 /* Release */ = {
			isa = XCBuildConfiguration;
			buildSettings = {
				ALWAYS_EMBED_SWIFT_STANDARD_LIBRARIES = YES;
				BUNDLE_LOADER = "$(TEST_HOST)";
				CODE_SIGN_STYLE = Automatic;
				CURRENT_PROJECT_VERSION = 1;
				DEVELOPMENT_TEAM = BLBSCD8ZQ9;
				GENERATE_INFOPLIST_FILE = YES;
				IPHONEOS_DEPLOYMENT_TARGET = 17.2;
				MARKETING_VERSION = 1.0;
				PRODUCT_BUNDLE_IDENTIFIER = com.bear.yao.xi.MoYuTests;
				PRODUCT_NAME = "$(TARGET_NAME)";
				SWIFT_EMIT_LOC_STRINGS = NO;
				SWIFT_VERSION = 5.0;
				TARGETED_DEVICE_FAMILY = "1,2";
				TEST_HOST = "$(BUILT_PRODUCTS_DIR)/MoYu.app/$(BUNDLE_EXECUTABLE_FOLDER_PATH)/MoYu";
			};
			name = Release;
		};
		8C6D34512D796AE3005A07B7 /* Debug */ = {
			isa = XCBuildConfiguration;
			buildSettings = {
				ALWAYS_EMBED_SWIFT_STANDARD_LIBRARIES = YES;
				CODE_SIGN_STYLE = Automatic;
				CURRENT_PROJECT_VERSION = 1;
				DEVELOPMENT_TEAM = BLBSCD8ZQ9;
				GENERATE_INFOPLIST_FILE = YES;
				MARKETING_VERSION = 1.0;
				PRODUCT_BUNDLE_IDENTIFIER = com.bear.yao.xi.MoYuUITests;
				PRODUCT_NAME = "$(TARGET_NAME)";
				SWIFT_EMIT_LOC_STRINGS = NO;
				SWIFT_VERSION = 5.0;
				TARGETED_DEVICE_FAMILY = "1,2";
				TEST_TARGET_NAME = MoYu;
			};
			name = Debug;
		};
		8C6D34522D796AE3005A07B7 /* Release */ = {
			isa = XCBuildConfiguration;
			buildSettings = {
				ALWAYS_EMBED_SWIFT_STANDARD_LIBRARIES = YES;
				CODE_SIGN_STYLE = Automatic;
				CURRENT_PROJECT_VERSION = 1;
				DEVELOPMENT_TEAM = BLBSCD8ZQ9;
				GENERATE_INFOPLIST_FILE = YES;
				MARKETING_VERSION = 1.0;
				PRODUCT_BUNDLE_IDENTIFIER = com.bear.yao.xi.MoYuUITests;
				PRODUCT_NAME = "$(TARGET_NAME)";
				SWIFT_EMIT_LOC_STRINGS = NO;
				SWIFT_VERSION = 5.0;
				TARGETED_DEVICE_FAMILY = "1,2";
				TEST_TARGET_NAME = MoYu;
			};
			name = Release;
		};
/* End XCBuildConfiguration section */

/* Begin XCConfigurationList section */
		8C6D341B2D796ADB005A07B7 /* Build configuration list for PBXProject "MoYu" */ = {
			isa = XCConfigurationList;
			buildConfigurations = (
				8C6D34482D796AE3005A07B7 /* Debug */,
				8C6D34492D796AE3005A07B7 /* Release */,
			);
			defaultConfigurationIsVisible = 0;
			defaultConfigurationName = Release;
		};
		8C6D344A2D796AE3005A07B7 /* Build configuration list for PBXNativeTarget "MoYu" */ = {
			isa = XCConfigurationList;
			buildConfigurations = (
				8C6D344B2D796AE3005A07B7 /* Debug */,
				8C6D344C2D796AE3005A07B7 /* Release */,
			);
			defaultConfigurationIsVisible = 0;
			defaultConfigurationName = Release;
		};
		8C6D344D2D796AE3005A07B7 /* Build configuration list for PBXNativeTarget "MoYuTests" */ = {
			isa = XCConfigurationList;
			buildConfigurations = (
				8C6D344E2D796AE3005A07B7 /* Debug */,
				8C6D344F2D796AE3005A07B7 /* Release */,
			);
			defaultConfigurationIsVisible = 0;
			defaultConfigurationName = Release;
		};
		8C6D34502D796AE3005A07B7 /* Build configuration list for PBXNativeTarget "MoYuUITests" */ = {
			isa = XCConfigurationList;
			buildConfigurations = (
				8C6D34512D796AE3005A07B7 /* Debug */,
				8C6D34522D796AE3005A07B7 /* Release */,
			);
			defaultConfigurationIsVisible = 0;
			defaultConfigurationName = Release;
		};
/* End XCConfigurationList section */
	};
	rootObject = 8C6D34182D796ADB005A07B7 /* Project object */;
}
