// !$*UTF8*$!
{
	archiveVersion = 1;
	classes = {
	};
	objectVersion = 56;
	objects = {

/* Begin PBXBuildFile section */
		0EDFAD332DCEFC40004E9526 /* NYSSEManager.swift in Sources */ = {isa = PBXBuildFile; fileRef = 0EDFAD322DCEFC40004E9526 /* NYSSEManager.swift */; };
		8C69D4E92DCBCEFA007B495B /* .swiftlint.yml in Resources */ = {isa = PBXBuildFile; fileRef = 8C69D4E32DCBCEF9007B495B /* .swiftlint.yml */; };
		8C69D4EA2DCBCEFA007B495B /* Logs.swift in Sources */ = {isa = PBXBuildFile; fileRef = 8C69D4E42DCBCEF9007B495B /* Logs.swift */; };
		8C69D4EB2DCBCEFA007B495B /* UTF8LineParser.swift in Sources */ = {isa = PBXBuildFile; fileRef = 8C69D4E52DCBCEF9007B495B /* UTF8LineParser.swift */; };
		8C69D4EC2DCBCEFA007B495B /* EventParser.swift in Sources */ = {isa = PBXBuildFile; fileRef = 8C69D4E62DCBCEF9007B495B /* EventParser.swift */; };
		8C69D4ED2DCBCEFA007B495B /* LDSwiftEventSource.swift in Sources */ = {isa = PBXBuildFile; fileRef = 8C69D4E72DCBCEF9007B495B /* LDSwiftEventSource.swift */; };
		8C69D4EE2DCBCEFA007B495B /* Types.swift in Sources */ = {isa = PBXBuildFile; fileRef = 8C69D4E82DCBCEF9007B495B /* Types.swift */; };
		8C8E09972DC19C0000A4772B /* AppDelegate.swift in Sources */ = {isa = PBXBuildFile; fileRef = 8C8E09962DC19C0000A4772B /* AppDelegate.swift */; };
		8C8E09992DC19C0000A4772B /* SceneDelegate.swift in Sources */ = {isa = PBXBuildFile; fileRef = 8C8E09982DC19C0000A4772B /* SceneDelegate.swift */; };
		8C8E099B2DC19C0000A4772B /* ViewController.swift in Sources */ = {isa = PBXBuildFile; fileRef = 8C8E099A2DC19C0000A4772B /* ViewController.swift */; };
		8C8E099E2DC19C0000A4772B /* Main.storyboard in Resources */ = {isa = PBXBuildFile; fileRef = 8C8E099C2DC19C0000A4772B /* Main.storyboard */; };
		8C8E09A02DC19C0A00A4772B /* Assets.xcassets in Resources */ = {isa = PBXBuildFile; fileRef = 8C8E099F2DC19C0A00A4772B /* Assets.xcassets */; };
		8C8E09A32DC19C0A00A4772B /* LaunchScreen.storyboard in Resources */ = {isa = PBXBuildFile; fileRef = 8C8E09A12DC19C0A00A4772B /* LaunchScreen.storyboard */; };
/* End PBXBuildFile section */

/* Begin PBXFileReference section */
		0EDFAD322DCEFC40004E9526 /* NYSSEManager.swift */ = {isa = PBXFileReference; lastKnownFileType = sourcecode.swift; path = NYSSEManager.swift; sourceTree = "<group>"; };
		8C69D4E32DCBCEF9007B495B /* .swiftlint.yml */ = {isa = PBXFileReference; fileEncoding = 4; lastKnownFileType = text.yaml; path = .swiftlint.yml; sourceTree = "<group>"; };
		8C69D4E42DCBCEF9007B495B /* Logs.swift */ = {isa = PBXFileReference; fileEncoding = 4; lastKnownFileType = sourcecode.swift; path = Logs.swift; sourceTree = "<group>"; };
		8C69D4E52DCBCEF9007B495B /* UTF8LineParser.swift */ = {isa = PBXFileReference; fileEncoding = 4; lastKnownFileType = sourcecode.swift; path = UTF8LineParser.swift; sourceTree = "<group>"; };
		8C69D4E62DCBCEF9007B495B /* EventParser.swift */ = {isa = PBXFileReference; fileEncoding = 4; lastKnownFileType = sourcecode.swift; path = EventParser.swift; sourceTree = "<group>"; };
		8C69D4E72DCBCEF9007B495B /* LDSwiftEventSource.swift */ = {isa = PBXFileReference; fileEncoding = 4; lastKnownFileType = sourcecode.swift; path = LDSwiftEventSource.swift; sourceTree = "<group>"; };
		8C69D4E82DCBCEF9007B495B /* Types.swift */ = {isa = PBXFileReference; fileEncoding = 4; lastKnownFileType = sourcecode.swift; path = Types.swift; sourceTree = "<group>"; };
		8C8E09932DC19C0000A4772B /* tts.app */ = {isa = PBXFileReference; explicitFileType = wrapper.application; includeInIndex = 0; path = tts.app; sourceTree = BUILT_PRODUCTS_DIR; };
		8C8E09962DC19C0000A4772B /* AppDelegate.swift */ = {isa = PBXFileReference; lastKnownFileType = sourcecode.swift; path = AppDelegate.swift; sourceTree = "<group>"; };
		8C8E09982DC19C0000A4772B /* SceneDelegate.swift */ = {isa = PBXFileReference; lastKnownFileType = sourcecode.swift; path = SceneDelegate.swift; sourceTree = "<group>"; };
		8C8E099A2DC19C0000A4772B /* ViewController.swift */ = {isa = PBXFileReference; lastKnownFileType = sourcecode.swift; path = ViewController.swift; sourceTree = "<group>"; };
		8C8E099D2DC19C0000A4772B /* Base */ = {isa = PBXFileReference; lastKnownFileType = file.storyboard; name = Base; path = Base.lproj/Main.storyboard; sourceTree = "<group>"; };
		8C8E099F2DC19C0A00A4772B /* Assets.xcassets */ = {isa = PBXFileReference; lastKnownFileType = folder.assetcatalog; path = Assets.xcassets; sourceTree = "<group>"; };
		8C8E09A22DC19C0A00A4772B /* Base */ = {isa = PBXFileReference; lastKnownFileType = file.storyboard; name = Base; path = Base.lproj/LaunchScreen.storyboard; sourceTree = "<group>"; };
		8C8E09A42DC19C0A00A4772B /* Info.plist */ = {isa = PBXFileReference; lastKnownFileType = text.plist.xml; path = Info.plist; sourceTree = "<group>"; };
/* End PBXFileReference section */

/* Begin PBXFrameworksBuildPhase section */
		8C8E09902DC19C0000A4772B /* Frameworks */ = {
			isa = PBXFrameworksBuildPhase;
			buildActionMask = 2147483647;
			files = (
			);
			runOnlyForDeploymentPostprocessing = 0;
		};
/* End PBXFrameworksBuildPhase section */

/* Begin PBXGroup section */
		8C69D4E22DCBCEF9007B495B /* LDSwiftEventSource */ = {
			isa = PBXGroup;
			children = (
				8C69D4E32DCBCEF9007B495B /* .swiftlint.yml */,
				8C69D4E42DCBCEF9007B495B /* Logs.swift */,
				8C69D4E52DCBCEF9007B495B /* UTF8LineParser.swift */,
				8C69D4E62DCBCEF9007B495B /* EventParser.swift */,
				8C69D4E72DCBCEF9007B495B /* LDSwiftEventSource.swift */,
				8C69D4E82DCBCEF9007B495B /* Types.swift */,
				0EDFAD322DCEFC40004E9526 /* NYSSEManager.swift */,
			);
			path = LDSwiftEventSource;
			sourceTree = "<group>";
		};
		8C8E098A2DC19C0000A4772B = {
			isa = PBXGroup;
			children = (
				8C8E09952DC19C0000A4772B /* tts */,
				8C8E09942DC19C0000A4772B /* Products */,
			);
			sourceTree = "<group>";
		};
		8C8E09942DC19C0000A4772B /* Products */ = {
			isa = PBXGroup;
			children = (
				8C8E09932DC19C0000A4772B /* tts.app */,
			);
			name = Products;
			sourceTree = "<group>";
		};
		8C8E09952DC19C0000A4772B /* tts */ = {
			isa = PBXGroup;
			children = (
				8C69D4E22DCBCEF9007B495B /* LDSwiftEventSource */,
				8C8E09962DC19C0000A4772B /* AppDelegate.swift */,
				8C8E09982DC19C0000A4772B /* SceneDelegate.swift */,
				8C8E099A2DC19C0000A4772B /* ViewController.swift */,
				8C8E099C2DC19C0000A4772B /* Main.storyboard */,
				8C8E099F2DC19C0A00A4772B /* Assets.xcassets */,
				8C8E09A12DC19C0A00A4772B /* LaunchScreen.storyboard */,
				8C8E09A42DC19C0A00A4772B /* Info.plist */,
			);
			path = tts;
			sourceTree = "<group>";
		};
/* End PBXGroup section */

/* Begin PBXNativeTarget section */
		8C8E09922DC19C0000A4772B /* tts */ = {
			isa = PBXNativeTarget;
			buildConfigurationList = 8C8E09A72DC19C0A00A4772B /* Build configuration list for PBXNativeTarget "tts" */;
			buildPhases = (
				8C8E098F2DC19C0000A4772B /* Sources */,
				8C8E09902DC19C0000A4772B /* Frameworks */,
				8C8E09912DC19C0000A4772B /* Resources */,
			);
			buildRules = (
			);
			dependencies = (
			);
			name = tts;
			productName = tts;
			productReference = 8C8E09932DC19C0000A4772B /* tts.app */;
			productType = "com.apple.product-type.application";
		};
/* End PBXNativeTarget section */

/* Begin PBXProject section */
		8C8E098B2DC19C0000A4772B /* Project object */ = {
			isa = PBXProject;
			attributes = {
				BuildIndependentTargetsInParallel = 1;
				LastSwiftUpdateCheck = 1520;
				LastUpgradeCheck = 1520;
				TargetAttributes = {
					8C8E09922DC19C0000A4772B = {
						CreatedOnToolsVersion = 15.2;
					};
				};
			};
			buildConfigurationList = 8C8E098E2DC19C0000A4772B /* Build configuration list for PBXProject "tts" */;
			compatibilityVersion = "Xcode 14.0";
			developmentRegion = en;
			hasScannedForEncodings = 0;
			knownRegions = (
				en,
				Base,
			);
			mainGroup = 8C8E098A2DC19C0000A4772B;
			productRefGroup = 8C8E09942DC19C0000A4772B /* Products */;
			projectDirPath = "";
			projectRoot = "";
			targets = (
				8C8E09922DC19C0000A4772B /* tts */,
			);
		};
/* End PBXProject section */

/* Begin PBXResourcesBuildPhase section */
		8C8E09912DC19C0000A4772B /* Resources */ = {
			isa = PBXResourcesBuildPhase;
			buildActionMask = 2147483647;
			files = (
				8C69D4E92DCBCEFA007B495B /* .swiftlint.yml in Resources */,
				8C8E09A32DC19C0A00A4772B /* LaunchScreen.storyboard in Resources */,
				8C8E09A02DC19C0A00A4772B /* Assets.xcassets in Resources */,
				8C8E099E2DC19C0000A4772B /* Main.storyboard in Resources */,
			);
			runOnlyForDeploymentPostprocessing = 0;
		};
/* End PBXResourcesBuildPhase section */

/* Begin PBXSourcesBuildPhase section */
		8C8E098F2DC19C0000A4772B /* Sources */ = {
			isa = PBXSourcesBuildPhase;
			buildActionMask = 2147483647;
			files = (
				8C8E099B2DC19C0000A4772B /* ViewController.swift in Sources */,
				8C69D4EC2DCBCEFA007B495B /* EventParser.swift in Sources */,
				8C69D4EB2DCBCEFA007B495B /* UTF8LineParser.swift in Sources */,
				8C69D4EE2DCBCEFA007B495B /* Types.swift in Sources */,
				8C8E09972DC19C0000A4772B /* AppDelegate.swift in Sources */,
				8C69D4EA2DCBCEFA007B495B /* Logs.swift in Sources */,
				0EDFAD332DCEFC40004E9526 /* NYSSEManager.swift in Sources */,
				8C8E09992DC19C0000A4772B /* SceneDelegate.swift in Sources */,
				8C69D4ED2DCBCEFA007B495B /* LDSwiftEventSource.swift in Sources */,
			);
			runOnlyForDeploymentPostprocessing = 0;
		};
/* End PBXSourcesBuildPhase section */

/* Begin PBXVariantGroup section */
		8C8E099C2DC19C0000A4772B /* Main.storyboard */ = {
			isa = PBXVariantGroup;
			children = (
				8C8E099D2DC19C0000A4772B /* Base */,
			);
			name = Main.storyboard;
			sourceTree = "<group>";
		};
		8C8E09A12DC19C0A00A4772B /* LaunchScreen.storyboard */ = {
			isa = PBXVariantGroup;
			children = (
				8C8E09A22DC19C0A00A4772B /* Base */,
			);
			name = LaunchScreen.storyboard;
			sourceTree = "<group>";
		};
/* End PBXVariantGroup section */

/* Begin XCBuildConfiguration section */
		8C8E09A52DC19C0A00A4772B /* Debug */ = {
			isa = XCBuildConfiguration;
			buildSettings = {
				ALWAYS_SEARCH_USER_PATHS = NO;
				ASSETCATALOG_COMPILER_GENERATE_SWIFT_ASSET_SYMBOL_EXTENSIONS = YES;
				CLANG_ANALYZER_NONNULL = YES;
				CLANG_ANALYZER_NUMBER_OBJECT_CONVERSION = YES_AGGRESSIVE;
				CLANG_CXX_LANGUAGE_STANDARD = "gnu++20";
				CLANG_ENABLE_MODULES = YES;
				CLANG_ENABLE_OBJC_ARC = YES;
				CLANG_ENABLE_OBJC_WEAK = YES;
				CLANG_WARN_BLOCK_CAPTURE_AUTORELEASING = YES;
				CLANG_WARN_BOOL_CONVERSION = YES;
				CLANG_WARN_COMMA = YES;
				CLANG_WARN_CONSTANT_CONVERSION = YES;
				CLANG_WARN_DEPRECATED_OBJC_IMPLEMENTATIONS = YES;
				CLANG_WARN_DIRECT_OBJC_ISA_USAGE = YES_ERROR;
				CLANG_WARN_DOCUMENTATION_COMMENTS = YES;
				CLANG_WARN_EMPTY_BODY = YES;
				CLANG_WARN_ENUM_CONVERSION = YES;
				CLANG_WARN_INFINITE_RECURSION = YES;
				CLANG_WARN_INT_CONVERSION = YES;
				CLANG_WARN_NON_LITERAL_NULL_CONVERSION = YES;
				CLANG_WARN_OBJC_IMPLICIT_RETAIN_SELF = YES;
				CLANG_WARN_OBJC_LITERAL_CONVERSION = YES;
				CLANG_WARN_OBJC_ROOT_CLASS = YES_ERROR;
				CLANG_WARN_QUOTED_INCLUDE_IN_FRAMEWORK_HEADER = YES;
				CLANG_WARN_RANGE_LOOP_ANALYSIS = YES;
				CLANG_WARN_STRICT_PROTOTYPES = YES;
				CLANG_WARN_SUSPICIOUS_MOVE = YES;
				CLANG_WARN_UNGUARDED_AVAILABILITY = YES_AGGRESSIVE;
				CLANG_WARN_UNREACHABLE_CODE = YES;
				CLANG_WARN__DUPLICATE_METHOD_MATCH = YES;
				COPY_PHASE_STRIP = NO;
				DEBUG_INFORMATION_FORMAT = dwarf;
				ENABLE_STRICT_OBJC_MSGSEND = YES;
				ENABLE_TESTABILITY = YES;
				ENABLE_USER_SCRIPT_SANDBOXING = YES;
				GCC_C_LANGUAGE_STANDARD = gnu17;
				GCC_DYNAMIC_NO_PIC = NO;
				GCC_NO_COMMON_BLOCKS = YES;
				GCC_OPTIMIZATION_LEVEL = 0;
				GCC_PREPROCESSOR_DEFINITIONS = (
					"DEBUG=1",
					"$(inherited)",
				);
				GCC_WARN_64_TO_32_BIT_CONVERSION = YES;
				GCC_WARN_ABOUT_RETURN_TYPE = YES_ERROR;
				GCC_WARN_UNDECLARED_SELECTOR = YES;
				GCC_WARN_UNINITIALIZED_AUTOS = YES_AGGRESSIVE;
				GCC_WARN_UNUSED_FUNCTION = YES;
				GCC_WARN_UNUSED_VARIABLE = YES;
				IPHONEOS_DEPLOYMENT_TARGET = 17.2;
				LOCALIZATION_PREFERS_STRING_CATALOGS = YES;
				MTL_ENABLE_DEBUG_INFO = INCLUDE_SOURCE;
				MTL_FAST_MATH = YES;
				ONLY_ACTIVE_ARCH = YES;
				SDKROOT = iphoneos;
				SWIFT_ACTIVE_COMPILATION_CONDITIONS = "DEBUG $(inherited)";
				SWIFT_OPTIMIZATION_LEVEL = "-Onone";
			};
			name = Debug;
		};
		8C8E09A62DC19C0A00A4772B /* Release */ = {
			isa = XCBuildConfiguration;
			buildSettings = {
				ALWAYS_SEARCH_USER_PATHS = NO;
				ASSETCATALOG_COMPILER_GENERATE_SWIFT_ASSET_SYMBOL_EXTENSIONS = YES;
				CLANG_ANALYZER_NONNULL = YES;
				CLANG_ANALYZER_NUMBER_OBJECT_CONVERSION = YES_AGGRESSIVE;
				CLANG_CXX_LANGUAGE_STANDARD = "gnu++20";
				CLANG_ENABLE_MODULES = YES;
				CLANG_ENABLE_OBJC_ARC = YES;
				CLANG_ENABLE_OBJC_WEAK = YES;
				CLANG_WARN_BLOCK_CAPTURE_AUTORELEASING = YES;
				CLANG_WARN_BOOL_CONVERSION = YES;
				CLANG_WARN_COMMA = YES;
				CLANG_WARN_CONSTANT_CONVERSION = YES;
				CLANG_WARN_DEPRECATED_OBJC_IMPLEMENTATIONS = YES;
				CLANG_WARN_DIRECT_OBJC_ISA_USAGE = YES_ERROR;
				CLANG_WARN_DOCUMENTATION_COMMENTS = YES;
				CLANG_WARN_EMPTY_BODY = YES;
				CLANG_WARN_ENUM_CONVERSION = YES;
				CLANG_WARN_INFINITE_RECURSION = YES;
				CLANG_WARN_INT_CONVERSION = YES;
				CLANG_WARN_NON_LITERAL_NULL_CONVERSION = YES;
				CLANG_WARN_OBJC_IMPLICIT_RETAIN_SELF = YES;
				CLANG_WARN_OBJC_LITERAL_CONVERSION = YES;
				CLANG_WARN_OBJC_ROOT_CLASS = YES_ERROR;
				CLANG_WARN_QUOTED_INCLUDE_IN_FRAMEWORK_HEADER = YES;
				CLANG_WARN_RANGE_LOOP_ANALYSIS = YES;
				CLANG_WARN_STRICT_PROTOTYPES = YES;
				CLANG_WARN_SUSPICIOUS_MOVE = YES;
				CLANG_WARN_UNGUARDED_AVAILABILITY = YES_AGGRESSIVE;
				CLANG_WARN_UNREACHABLE_CODE = YES;
				CLANG_WARN__DUPLICATE_METHOD_MATCH = YES;
				COPY_PHASE_STRIP = NO;
				DEBUG_INFORMATION_FORMAT = "dwarf-with-dsym";
				ENABLE_NS_ASSERTIONS = NO;
				ENABLE_STRICT_OBJC_MSGSEND = YES;
				ENABLE_USER_SCRIPT_SANDBOXING = YES;
				GCC_C_LANGUAGE_STANDARD = gnu17;
				GCC_NO_COMMON_BLOCKS = YES;
				GCC_WARN_64_TO_32_BIT_CONVERSION = YES;
				GCC_WARN_ABOUT_RETURN_TYPE = YES_ERROR;
				GCC_WARN_UNDECLARED_SELECTOR = YES;
				GCC_WARN_UNINITIALIZED_AUTOS = YES_AGGRESSIVE;
				GCC_WARN_UNUSED_FUNCTION = YES;
				GCC_WARN_UNUSED_VARIABLE = YES;
				IPHONEOS_DEPLOYMENT_TARGET = 17.2;
				LOCALIZATION_PREFERS_STRING_CATALOGS = YES;
				MTL_ENABLE_DEBUG_INFO = NO;
				MTL_FAST_MATH = YES;
				SDKROOT = iphoneos;
				SWIFT_COMPILATION_MODE = wholemodule;
				VALIDATE_PRODUCT = YES;
			};
			name = Release;
		};
		8C8E09A82DC19C0A00A4772B /* Debug */ = {
			isa = XCBuildConfiguration;
			buildSettings = {
				ASSETCATALOG_COMPILER_APPICON_NAME = AppIcon;
				ASSETCATALOG_COMPILER_GLOBAL_ACCENT_COLOR_NAME = AccentColor;
				CODE_SIGN_STYLE = Automatic;
				CURRENT_PROJECT_VERSION = 1;
				DEVELOPMENT_TEAM = P66P3CXU58;
				GENERATE_INFOPLIST_FILE = YES;
				INFOPLIST_FILE = tts/Info.plist;
				INFOPLIST_KEY_UIApplicationSupportsIndirectInputEvents = YES;
				INFOPLIST_KEY_UILaunchStoryboardName = LaunchScreen;
				INFOPLIST_KEY_UIMainStoryboardFile = Main;
				INFOPLIST_KEY_UISupportedInterfaceOrientations_iPad = "UIInterfaceOrientationPortrait UIInterfaceOrientationPortraitUpsideDown UIInterfaceOrientationLandscapeLeft UIInterfaceOrientationLandscapeRight";
				INFOPLIST_KEY_UISupportedInterfaceOrientations_iPhone = "UIInterfaceOrientationPortrait UIInterfaceOrientationLandscapeLeft UIInterfaceOrientationLandscapeRight";
				IPHONEOS_DEPLOYMENT_TARGET = 15.6;
				LD_RUNPATH_SEARCH_PATHS = (
					"$(inherited)",
					"@executable_path/Frameworks",
				);
				MARKETING_VERSION = 1.0;
				PRODUCT_BUNDLE_IDENTIFIER = com.bear.yao.xi.tts;
				PRODUCT_NAME = "$(TARGET_NAME)";
				SWIFT_EMIT_LOC_STRINGS = YES;
				SWIFT_VERSION = 5.0;
				TARGETED_DEVICE_FAMILY = "1,2";
			};
			name = Debug;
		};
		8C8E09A92DC19C0A00A4772B /* Release */ = {
			isa = XCBuildConfiguration;
			buildSettings = {
				ASSETCATALOG_COMPILER_APPICON_NAME = AppIcon;
				ASSETCATALOG_COMPILER_GLOBAL_ACCENT_COLOR_NAME = AccentColor;
				CODE_SIGN_STYLE = Automatic;
				CURRENT_PROJECT_VERSION = 1;
				DEVELOPMENT_TEAM = P66P3CXU58;
				GENERATE_INFOPLIST_FILE = YES;
				INFOPLIST_FILE = tts/Info.plist;
				INFOPLIST_KEY_UIApplicationSupportsIndirectInputEvents = YES;
				INFOPLIST_KEY_UILaunchStoryboardName = LaunchScreen;
				INFOPLIST_KEY_UIMainStoryboardFile = Main;
				INFOPLIST_KEY_UISupportedInterfaceOrientations_iPad = "UIInterfaceOrientationPortrait UIInterfaceOrientationPortraitUpsideDown UIInterfaceOrientationLandscapeLeft UIInterfaceOrientationLandscapeRight";
				INFOPLIST_KEY_UISupportedInterfaceOrientations_iPhone = "UIInterfaceOrientationPortrait UIInterfaceOrientationLandscapeLeft UIInterfaceOrientationLandscapeRight";
				IPHONEOS_DEPLOYMENT_TARGET = 15.6;
				LD_RUNPATH_SEARCH_PATHS = (
					"$(inherited)",
					"@executable_path/Frameworks",
				);
				MARKETING_VERSION = 1.0;
				PRODUCT_BUNDLE_IDENTIFIER = com.bear.yao.xi.tts;
				PRODUCT_NAME = "$(TARGET_NAME)";
				SWIFT_EMIT_LOC_STRINGS = YES;
				SWIFT_VERSION = 5.0;
				TARGETED_DEVICE_FAMILY = "1,2";
			};
			name = Release;
		};
/* End XCBuildConfiguration section */

/* Begin XCConfigurationList section */
		8C8E098E2DC19C0000A4772B /* Build configuration list for PBXProject "tts" */ = {
			isa = XCConfigurationList;
			buildConfigurations = (
				8C8E09A52DC19C0A00A4772B /* Debug */,
				8C8E09A62DC19C0A00A4772B /* Release */,
			);
			defaultConfigurationIsVisible = 0;
			defaultConfigurationName = Release;
		};
		8C8E09A72DC19C0A00A4772B /* Build configuration list for PBXNativeTarget "tts" */ = {
			isa = XCConfigurationList;
			buildConfigurations = (
				8C8E09A82DC19C0A00A4772B /* Debug */,
				8C8E09A92DC19C0A00A4772B /* Release */,
			);
			defaultConfigurationIsVisible = 0;
			defaultConfigurationName = Release;
		};
/* End XCConfigurationList section */
	};
	rootObject = 8C8E098B2DC19C0000A4772B /* Project object */;
}
