// !$*UTF8*$!
{
	archiveVersion = 1;
	classes = {
	};
	objectVersion = 56;
	objects = {

/* Begin PBXBuildFile section */
		0D79DD5C6482EFD89032ACAE /* Pods_OCExample.framework in Frameworks */ = {isa = PBXBuildFile; fileRef = 00642046B6ACE73F103B0D59 /* Pods_OCExample.framework */; };
		8C5457FB2D82A457003927AE /* NYAppDelegate.m in Sources */ = {isa = PBXBuildFile; fileRef = 8C5457FA2D82A457003927AE /* NYAppDelegate.m */; };
		8C5458012D82A457003927AE /* NYViewController.m in Sources */ = {isa = PBXBuildFile; fileRef = 8C5458002D82A457003927AE /* NYViewController.m */; };
		8C5458062D82A460003927AE /* Assets.xcassets in Resources */ = {isa = PBXBuildFile; fileRef = 8C5458052D82A460003927AE /* Assets.xcassets */; };
		8C5458092D82A460003927AE /* LaunchScreen.storyboard in Resources */ = {isa = PBXBuildFile; fileRef = 8C5458072D82A460003927AE /* LaunchScreen.storyboard */; };
		8C54580C2D82A460003927AE /* main.m in Sources */ = {isa = PBXBuildFile; fileRef = 8C54580B2D82A460003927AE /* main.m */; };
/* End PBXBuildFile section */

/* Begin PBXFileReference section */
		00642046B6ACE73F103B0D59 /* Pods_OCExample.framework */ = {isa = PBXFileReference; explicitFileType = wrapper.framework; includeInIndex = 0; path = Pods_OCExample.framework; sourceTree = BUILT_PRODUCTS_DIR; };
		157B5A469E237C118A12A18D /* Pods-OCExample.release.xcconfig */ = {isa = PBXFileReference; includeInIndex = 1; lastKnownFileType = text.xcconfig; name = "Pods-OCExample.release.xcconfig"; path = "Target Support Files/Pods-OCExample/Pods-OCExample.release.xcconfig"; sourceTree = "<group>"; };
		427BEB830E460729A5A0A5BE /* Pods-OCExample.debug.xcconfig */ = {isa = PBXFileReference; includeInIndex = 1; lastKnownFileType = text.xcconfig; name = "Pods-OCExample.debug.xcconfig"; path = "Target Support Files/Pods-OCExample/Pods-OCExample.debug.xcconfig"; sourceTree = "<group>"; };
		8C5457F62D82A457003927AE /* OCExample.app */ = {isa = PBXFileReference; explicitFileType = wrapper.application; includeInIndex = 0; path = OCExample.app; sourceTree = BUILT_PRODUCTS_DIR; };
		8C5457F92D82A457003927AE /* NYAppDelegate.h */ = {isa = PBXFileReference; lastKnownFileType = sourcecode.c.h; path = NYAppDelegate.h; sourceTree = "<group>"; };
		8C5457FA2D82A457003927AE /* NYAppDelegate.m */ = {isa = PBXFileReference; lastKnownFileType = sourcecode.c.objc; path = NYAppDelegate.m; sourceTree = "<group>"; };
		8C5457FF2D82A457003927AE /* NYViewController.h */ = {isa = PBXFileReference; lastKnownFileType = sourcecode.c.h; path = NYViewController.h; sourceTree = "<group>"; };
		8C5458002D82A457003927AE /* NYViewController.m */ = {isa = PBXFileReference; lastKnownFileType = sourcecode.c.objc; path = NYViewController.m; sourceTree = "<group>"; };
		8C5458052D82A460003927AE /* Assets.xcassets */ = {isa = PBXFileReference; lastKnownFileType = folder.assetcatalog; path = Assets.xcassets; sourceTree = "<group>"; };
		8C5458082D82A460003927AE /* Base */ = {isa = PBXFileReference; lastKnownFileType = file.storyboard; name = Base; path = Base.lproj/LaunchScreen.storyboard; sourceTree = "<group>"; };
		8C54580A2D82A460003927AE /* Info.plist */ = {isa = PBXFileReference; lastKnownFileType = text.plist.xml; path = Info.plist; sourceTree = "<group>"; };
		8C54580B2D82A460003927AE /* main.m */ = {isa = PBXFileReference; lastKnownFileType = sourcecode.c.objc; path = main.m; sourceTree = "<group>"; };
/* End PBXFileReference section */

/* Begin PBXFrameworksBuildPhase section */
		8C5457F32D82A457003927AE /* Frameworks */ = {
			isa = PBXFrameworksBuildPhase;
			buildActionMask = 2147483647;
			files = (
				0D79DD5C6482EFD89032ACAE /* Pods_OCExample.framework in Frameworks */,
			);
			runOnlyForDeploymentPostprocessing = 0;
		};
/* End PBXFrameworksBuildPhase section */

/* Begin PBXGroup section */
		8C5457ED2D82A456003927AE = {
			isa = PBXGroup;
			children = (
				8C5457F82D82A457003927AE /* OCExample */,
				8C5457F72D82A457003927AE /* Products */,
				A6666A0B841B80EA25FA2B51 /* Pods */,
				9DDB50C4FFD4B47B3AF891D4 /* Frameworks */,
			);
			sourceTree = "<group>";
		};
		8C5457F72D82A457003927AE /* Products */ = {
			isa = PBXGroup;
			children = (
				8C5457F62D82A457003927AE /* OCExample.app */,
			);
			name = Products;
			sourceTree = "<group>";
		};
		8C5457F82D82A457003927AE /* OCExample */ = {
			isa = PBXGroup;
			children = (
				8C5457F92D82A457003927AE /* NYAppDelegate.h */,
				8C5457FA2D82A457003927AE /* NYAppDelegate.m */,
				8C5457FF2D82A457003927AE /* NYViewController.h */,
				8C5458002D82A457003927AE /* NYViewController.m */,
				8C5458052D82A460003927AE /* Assets.xcassets */,
				8C5458072D82A460003927AE /* LaunchScreen.storyboard */,
				8C54580A2D82A460003927AE /* Info.plist */,
				8C54580B2D82A460003927AE /* main.m */,
			);
			path = OCExample;
			sourceTree = "<group>";
		};
		9DDB50C4FFD4B47B3AF891D4 /* Frameworks */ = {
			isa = PBXGroup;
			children = (
				00642046B6ACE73F103B0D59 /* Pods_OCExample.framework */,
			);
			name = Frameworks;
			sourceTree = "<group>";
		};
		A6666A0B841B80EA25FA2B51 /* Pods */ = {
			isa = PBXGroup;
			children = (
				427BEB830E460729A5A0A5BE /* Pods-OCExample.debug.xcconfig */,
				157B5A469E237C118A12A18D /* Pods-OCExample.release.xcconfig */,
			);
			path = Pods;
			sourceTree = "<group>";
		};
/* End PBXGroup section */

/* Begin PBXNativeTarget section */
		8C5457F52D82A457003927AE /* OCExample */ = {
			isa = PBXNativeTarget;
			buildConfigurationList = 8C54580F2D82A460003927AE /* Build configuration list for PBXNativeTarget "OCExample" */;
			buildPhases = (
				FB411C6DA57CC55F266FD54A /* [CP] Check Pods Manifest.lock */,
				8C5457F22D82A457003927AE /* Sources */,
				8C5457F32D82A457003927AE /* Frameworks */,
				8C5457F42D82A457003927AE /* Resources */,
				D8666912C468C76A8CFE4C78 /* [CP] Embed Pods Frameworks */,
			);
			buildRules = (
			);
			dependencies = (
			);
			name = OCExample;
			productName = OCExample;
			productReference = 8C5457F62D82A457003927AE /* OCExample.app */;
			productType = "com.apple.product-type.application";
		};
/* End PBXNativeTarget section */

/* Begin PBXProject section */
		8C5457EE2D82A456003927AE /* Project object */ = {
			isa = PBXProject;
			attributes = {
				BuildIndependentTargetsInParallel = 1;
				LastUpgradeCheck = 1520;
				TargetAttributes = {
					8C5457F52D82A457003927AE = {
						CreatedOnToolsVersion = 15.2;
					};
				};
			};
			buildConfigurationList = 8C5457F12D82A456003927AE /* Build configuration list for PBXProject "OCExample" */;
			compatibilityVersion = "Xcode 14.0";
			developmentRegion = en;
			hasScannedForEncodings = 0;
			knownRegions = (
				en,
				Base,
			);
			mainGroup = 8C5457ED2D82A456003927AE;
			productRefGroup = 8C5457F72D82A457003927AE /* Products */;
			projectDirPath = "";
			projectRoot = "";
			targets = (
				8C5457F52D82A457003927AE /* OCExample */,
			);
		};
/* End PBXProject section */

/* Begin PBXResourcesBuildPhase section */
		8C5457F42D82A457003927AE /* Resources */ = {
			isa = PBXResourcesBuildPhase;
			buildActionMask = 2147483647;
			files = (
				8C5458092D82A460003927AE /* LaunchScreen.storyboard in Resources */,
				8C5458062D82A460003927AE /* Assets.xcassets in Resources */,
			);
			runOnlyForDeploymentPostprocessing = 0;
		};
/* End PBXResourcesBuildPhase section */

/* Begin PBXShellScriptBuildPhase section */
		D8666912C468C76A8CFE4C78 /* [CP] Embed Pods Frameworks */ = {
			isa = PBXShellScriptBuildPhase;
			buildActionMask = 2147483647;
			files = (
			);
			inputFileListPaths = (
				"${PODS_ROOT}/Target Support Files/Pods-OCExample/Pods-OCExample-frameworks-${CONFIGURATION}-input-files.xcfilelist",
			);
			name = "[CP] Embed Pods Frameworks";
			outputFileListPaths = (
				"${PODS_ROOT}/Target Support Files/Pods-OCExample/Pods-OCExample-frameworks-${CONFIGURATION}-output-files.xcfilelist",
			);
			runOnlyForDeploymentPostprocessing = 0;
			shellPath = /bin/sh;
			shellScript = "\"${PODS_ROOT}/Target Support Files/Pods-OCExample/Pods-OCExample-frameworks.sh\"\n";
			showEnvVarsInLog = 0;
		};
		FB411C6DA57CC55F266FD54A /* [CP] Check Pods Manifest.lock */ = {
			isa = PBXShellScriptBuildPhase;
			buildActionMask = 2147483647;
			files = (
			);
			inputFileListPaths = (
			);
			inputPaths = (
				"${PODS_PODFILE_DIR_PATH}/Podfile.lock",
				"${PODS_ROOT}/Manifest.lock",
			);
			name = "[CP] Check Pods Manifest.lock";
			outputFileListPaths = (
			);
			outputPaths = (
				"$(DERIVED_FILE_DIR)/Pods-OCExample-checkManifestLockResult.txt",
			);
			runOnlyForDeploymentPostprocessing = 0;
			shellPath = /bin/sh;
			shellScript = "diff \"${PODS_PODFILE_DIR_PATH}/Podfile.lock\" \"${PODS_ROOT}/Manifest.lock\" > /dev/null\nif [ $? != 0 ] ; then\n    # print error to STDERR\n    echo \"error: The sandbox is not in sync with the Podfile.lock. Run 'pod install' or update your CocoaPods installation.\" >&2\n    exit 1\nfi\n# This output is used by Xcode 'outputs' to avoid re-running this script phase.\necho \"SUCCESS\" > \"${SCRIPT_OUTPUT_FILE_0}\"\n";
			showEnvVarsInLog = 0;
		};
/* End PBXShellScriptBuildPhase section */

/* Begin PBXSourcesBuildPhase section */
		8C5457F22D82A457003927AE /* Sources */ = {
			isa = PBXSourcesBuildPhase;
			buildActionMask = 2147483647;
			files = (
				8C5458012D82A457003927AE /* NYViewController.m in Sources */,
				8C5457FB2D82A457003927AE /* NYAppDelegate.m in Sources */,
				8C54580C2D82A460003927AE /* main.m in Sources */,
			);
			runOnlyForDeploymentPostprocessing = 0;
		};
/* End PBXSourcesBuildPhase section */

/* Begin PBXVariantGroup section */
		8C5458072D82A460003927AE /* LaunchScreen.storyboard */ = {
			isa = PBXVariantGroup;
			children = (
				8C5458082D82A460003927AE /* Base */,
			);
			name = LaunchScreen.storyboard;
			sourceTree = "<group>";
		};
/* End PBXVariantGroup section */

/* Begin XCBuildConfiguration section */
		8C54580D2D82A460003927AE /* Debug */ = {
			isa = XCBuildConfiguration;
			buildSettings = {
				ALWAYS_SEARCH_USER_PATHS = NO;
				ASSETCATALOG_COMPILER_GENERATE_SWIFT_ASSET_SYMBOL_EXTENSIONS = YES;
				CLANG_ANALYZER_NONNULL = YES;
				CLANG_ANALYZER_NUMBER_OBJECT_CONVERSION = YES_AGGRESSIVE;
				CLANG_CXX_LANGUAGE_STANDARD = "gnu++20";
				CLANG_ENABLE_MODULES = YES;
				CLANG_ENABLE_OBJC_ARC = YES;
				CLANG_ENABLE_OBJC_WEAK = YES;
				CLANG_WARN_BLOCK_CAPTURE_AUTORELEASING = YES;
				CLANG_WARN_BOOL_CONVERSION = YES;
				CLANG_WARN_COMMA = YES;
				CLANG_WARN_CONSTANT_CONVERSION = YES;
				CLANG_WARN_DEPRECATED_OBJC_IMPLEMENTATIONS = YES;
				CLANG_WARN_DIRECT_OBJC_ISA_USAGE = YES_ERROR;
				CLANG_WARN_DOCUMENTATION_COMMENTS = YES;
				CLANG_WARN_EMPTY_BODY = YES;
				CLANG_WARN_ENUM_CONVERSION = YES;
				CLANG_WARN_INFINITE_RECURSION = YES;
				CLANG_WARN_INT_CONVERSION = YES;
				CLANG_WARN_NON_LITERAL_NULL_CONVERSION = YES;
				CLANG_WARN_OBJC_IMPLICIT_RETAIN_SELF = YES;
				CLANG_WARN_OBJC_LITERAL_CONVERSION = YES;
				CLANG_WARN_OBJC_ROOT_CLASS = YES_ERROR;
				CLANG_WARN_QUOTED_INCLUDE_IN_FRAMEWORK_HEADER = YES;
				CLANG_WARN_RANGE_LOOP_ANALYSIS = YES;
				CLANG_WARN_STRICT_PROTOTYPES = YES;
				CLANG_WARN_SUSPICIOUS_MOVE = YES;
				CLANG_WARN_UNGUARDED_AVAILABILITY = YES_AGGRESSIVE;
				CLANG_WARN_UNREACHABLE_CODE = YES;
				CLANG_WARN__DUPLICATE_METHOD_MATCH = YES;
				COPY_PHASE_STRIP = NO;
				DEBUG_INFORMATION_FORMAT = dwarf;
				ENABLE_STRICT_OBJC_MSGSEND = YES;
				ENABLE_TESTABILITY = YES;
				ENABLE_USER_SCRIPT_SANDBOXING = YES;
				GCC_C_LANGUAGE_STANDARD = gnu17;
				GCC_DYNAMIC_NO_PIC = NO;
				GCC_NO_COMMON_BLOCKS = YES;
				GCC_OPTIMIZATION_LEVEL = 0;
				GCC_PREPROCESSOR_DEFINITIONS = (
					"DEBUG=1",
					"$(inherited)",
				);
				GCC_WARN_64_TO_32_BIT_CONVERSION = YES;
				GCC_WARN_ABOUT_RETURN_TYPE = YES_ERROR;
				GCC_WARN_UNDECLARED_SELECTOR = YES;
				GCC_WARN_UNINITIALIZED_AUTOS = YES_AGGRESSIVE;
				GCC_WARN_UNUSED_FUNCTION = YES;
				GCC_WARN_UNUSED_VARIABLE = YES;
				IPHONEOS_DEPLOYMENT_TARGET = 17.2;
				LOCALIZATION_PREFERS_STRING_CATALOGS = YES;
				MTL_ENABLE_DEBUG_INFO = INCLUDE_SOURCE;
				MTL_FAST_MATH = YES;
				ONLY_ACTIVE_ARCH = YES;
				SDKROOT = iphoneos;
			};
			name = Debug;
		};
		8C54580E2D82A460003927AE /* Release */ = {
			isa = XCBuildConfiguration;
			buildSettings = {
				ALWAYS_SEARCH_USER_PATHS = NO;
				ASSETCATALOG_COMPILER_GENERATE_SWIFT_ASSET_SYMBOL_EXTENSIONS = YES;
				CLANG_ANALYZER_NONNULL = YES;
				CLANG_ANALYZER_NUMBER_OBJECT_CONVERSION = YES_AGGRESSIVE;
				CLANG_CXX_LANGUAGE_STANDARD = "gnu++20";
				CLANG_ENABLE_MODULES = YES;
				CLANG_ENABLE_OBJC_ARC = YES;
				CLANG_ENABLE_OBJC_WEAK = YES;
				CLANG_WARN_BLOCK_CAPTURE_AUTORELEASING = YES;
				CLANG_WARN_BOOL_CONVERSION = YES;
				CLANG_WARN_COMMA = YES;
				CLANG_WARN_CONSTANT_CONVERSION = YES;
				CLANG_WARN_DEPRECATED_OBJC_IMPLEMENTATIONS = YES;
				CLANG_WARN_DIRECT_OBJC_ISA_USAGE = YES_ERROR;
				CLANG_WARN_DOCUMENTATION_COMMENTS = YES;
				CLANG_WARN_EMPTY_BODY = YES;
				CLANG_WARN_ENUM_CONVERSION = YES;
				CLANG_WARN_INFINITE_RECURSION = YES;
				CLANG_WARN_INT_CONVERSION = YES;
				CLANG_WARN_NON_LITERAL_NULL_CONVERSION = YES;
				CLANG_WARN_OBJC_IMPLICIT_RETAIN_SELF = YES;
				CLANG_WARN_OBJC_LITERAL_CONVERSION = YES;
				CLANG_WARN_OBJC_ROOT_CLASS = YES_ERROR;
				CLANG_WARN_QUOTED_INCLUDE_IN_FRAMEWORK_HEADER = YES;
				CLANG_WARN_RANGE_LOOP_ANALYSIS = YES;
				CLANG_WARN_STRICT_PROTOTYPES = YES;
				CLANG_WARN_SUSPICIOUS_MOVE = YES;
				CLANG_WARN_UNGUARDED_AVAILABILITY = YES_AGGRESSIVE;
				CLANG_WARN_UNREACHABLE_CODE = YES;
				CLANG_WARN__DUPLICATE_METHOD_MATCH = YES;
				COPY_PHASE_STRIP = NO;
				DEBUG_INFORMATION_FORMAT = "dwarf-with-dsym";
				ENABLE_NS_ASSERTIONS = NO;
				ENABLE_STRICT_OBJC_MSGSEND = YES;
				ENABLE_USER_SCRIPT_SANDBOXING = YES;
				GCC_C_LANGUAGE_STANDARD = gnu17;
				GCC_NO_COMMON_BLOCKS = YES;
				GCC_WARN_64_TO_32_BIT_CONVERSION = YES;
				GCC_WARN_ABOUT_RETURN_TYPE = YES_ERROR;
				GCC_WARN_UNDECLARED_SELECTOR = YES;
				GCC_WARN_UNINITIALIZED_AUTOS = YES_AGGRESSIVE;
				GCC_WARN_UNUSED_FUNCTION = YES;
				GCC_WARN_UNUSED_VARIABLE = YES;
				IPHONEOS_DEPLOYMENT_TARGET = 17.2;
				LOCALIZATION_PREFERS_STRING_CATALOGS = YES;
				MTL_ENABLE_DEBUG_INFO = NO;
				MTL_FAST_MATH = YES;
				SDKROOT = iphoneos;
				VALIDATE_PRODUCT = YES;
			};
			name = Release;
		};
		8C5458102D82A460003927AE /* Debug */ = {
			isa = XCBuildConfiguration;
			baseConfigurationReference = 427BEB830E460729A5A0A5BE /* Pods-OCExample.debug.xcconfig */;
			buildSettings = {
				ASSETCATALOG_COMPILER_APPICON_NAME = AppIcon;
				ASSETCATALOG_COMPILER_GLOBAL_ACCENT_COLOR_NAME = AccentColor;
				CODE_SIGN_STYLE = Automatic;
				CURRENT_PROJECT_VERSION = 1;
				DEVELOPMENT_TEAM = BLBSCD8ZQ9;
				ENABLE_USER_SCRIPT_SANDBOXING = NO;
				GCC_PREPROCESSOR_DEFINITIONS = (
					"$(inherited)",
					"COCOAPODS=1",
					CSM_TARGET_IPHONE_ES2,
				);
				GENERATE_INFOPLIST_FILE = YES;
				INFOPLIST_FILE = OCExample/Info.plist;
				INFOPLIST_KEY_UIApplicationSupportsIndirectInputEvents = YES;
				INFOPLIST_KEY_UILaunchStoryboardName = LaunchScreen;
				INFOPLIST_KEY_UISupportedInterfaceOrientations_iPad = "UIInterfaceOrientationPortrait UIInterfaceOrientationPortraitUpsideDown UIInterfaceOrientationLandscapeLeft UIInterfaceOrientationLandscapeRight";
				INFOPLIST_KEY_UISupportedInterfaceOrientations_iPhone = "UIInterfaceOrientationPortrait UIInterfaceOrientationLandscapeLeft UIInterfaceOrientationLandscapeRight";
				LD_RUNPATH_SEARCH_PATHS = (
					"$(inherited)",
					"@executable_path/Frameworks",
				);
				MARKETING_VERSION = 1.0;
				OTHER_LDFLAGS = (
					"$(inherited)",
					"-ObjC",
					"-l\"c++\"",
					"-framework",
					"\"CoreGraphics\"",
					"-framework",
					"\"Foundation\"",
					"-framework",
					"\"GLKit\"",
					"-framework",
					"\"Live2DSDK\"",
					"-framework",
					"\"Metal\"",
					"-framework",
					"\"MetalKit\"",
					"-framework",
					"\"QuartzCore\"",
					"-framework",
					"\"UIKit\"",
					"\"${PODS_ROOT}/../../Live2DSDK/Classes/Core/Library/Debug-iphonesimulator/libLive2DCubismCore.a\"",
					"\"${PODS_ROOT}/../../Live2DSDK/Classes/Core/Library/Debug-iphonesimulator/libFramework.a\"",
				);
				PRODUCT_BUNDLE_IDENTIFIER = com.bear.yao.xi.OCExample;
				PRODUCT_NAME = "$(TARGET_NAME)";
				SWIFT_EMIT_LOC_STRINGS = YES;
				TARGETED_DEVICE_FAMILY = "1,2";
			};
			name = Debug;
		};
		8C5458112D82A460003927AE /* Release */ = {
			isa = XCBuildConfiguration;
			baseConfigurationReference = 157B5A469E237C118A12A18D /* Pods-OCExample.release.xcconfig */;
			buildSettings = {
				ASSETCATALOG_COMPILER_APPICON_NAME = AppIcon;
				ASSETCATALOG_COMPILER_GLOBAL_ACCENT_COLOR_NAME = AccentColor;
				CODE_SIGN_STYLE = Automatic;
				CURRENT_PROJECT_VERSION = 1;
				DEVELOPMENT_TEAM = BLBSCD8ZQ9;
				ENABLE_USER_SCRIPT_SANDBOXING = NO;
				GCC_PREPROCESSOR_DEFINITIONS = (
					"$(inherited)",
					"COCOAPODS=1",
					CSM_TARGET_IPHONE_ES2,
				);
				GENERATE_INFOPLIST_FILE = YES;
				INFOPLIST_FILE = OCExample/Info.plist;
				INFOPLIST_KEY_UIApplicationSupportsIndirectInputEvents = YES;
				INFOPLIST_KEY_UILaunchStoryboardName = LaunchScreen;
				INFOPLIST_KEY_UISupportedInterfaceOrientations_iPad = "UIInterfaceOrientationPortrait UIInterfaceOrientationPortraitUpsideDown UIInterfaceOrientationLandscapeLeft UIInterfaceOrientationLandscapeRight";
				INFOPLIST_KEY_UISupportedInterfaceOrientations_iPhone = "UIInterfaceOrientationPortrait UIInterfaceOrientationLandscapeLeft UIInterfaceOrientationLandscapeRight";
				LD_RUNPATH_SEARCH_PATHS = (
					"$(inherited)",
					"@executable_path/Frameworks",
				);
				MARKETING_VERSION = 1.0;
				OTHER_LDFLAGS = (
					"$(inherited)",
					"-ObjC",
					"-l\"c++\"",
					"-framework",
					"\"CoreGraphics\"",
					"-framework",
					"\"Foundation\"",
					"-framework",
					"\"GLKit\"",
					"-framework",
					"\"Live2DSDK\"",
					"-framework",
					"\"Metal\"",
					"-framework",
					"\"MetalKit\"",
					"-framework",
					"\"QuartzCore\"",
					"-framework",
					"\"UIKit\"",
					"\"${PODS_ROOT}/../../Live2DSDK/Classes/Core/Library/Debug-iphonesimulator/libLive2DCubismCore.a\"",
					"\"${PODS_ROOT}/../../Live2DSDK/Classes/Core/Library/Debug-iphonesimulator/libFramework.a\"",
				);
				PRODUCT_BUNDLE_IDENTIFIER = com.bear.yao.xi.OCExample;
				PRODUCT_NAME = "$(TARGET_NAME)";
				SWIFT_EMIT_LOC_STRINGS = YES;
				TARGETED_DEVICE_FAMILY = "1,2";
			};
			name = Release;
		};
/* End XCBuildConfiguration section */

/* Begin XCConfigurationList section */
		8C5457F12D82A456003927AE /* Build configuration list for PBXProject "OCExample" */ = {
			isa = XCConfigurationList;
			buildConfigurations = (
				8C54580D2D82A460003927AE /* Debug */,
				8C54580E2D82A460003927AE /* Release */,
			);
			defaultConfigurationIsVisible = 0;
			defaultConfigurationName = Release;
		};
		8C54580F2D82A460003927AE /* Build configuration list for PBXNativeTarget "OCExample" */ = {
			isa = XCConfigurationList;
			buildConfigurations = (
				8C5458102D82A460003927AE /* Debug */,
				8C5458112D82A460003927AE /* Release */,
			);
			defaultConfigurationIsVisible = 0;
			defaultConfigurationName = Release;
		};
/* End XCConfigurationList section */
	};
	rootObject = 8C5457EE2D82A456003927AE /* Project object */;
}
